{
  "version": 4,
  "terraform_version": "1.4.6",
  "serial": 181,
  "lineage": "91cfb66b-c6bb-50f3-8f2c-781a81d65e08",
  "outputs": {
    "connect": {
      "value": "az aks get-credentials --subscription e329e26a-2480-4b97-b60e-e40d67de7878 --name gct-paysay --resource-group rg-cluster-gct-paysay --admin",
      "type": "string"
    },
    "kube_config_admin": {
      "value": "apiVersion: v1\nclusters:\n- cluster:\n    certificate-authority-data: LS0tLS1CRUdJTiBDRVJUSUZJQ0FURS0tLS0tCk1JSUU2RENDQXRDZ0F3SUJBZ0lRRUV0aGhuRDVXenVNR1FlOE1yL2lvREFOQmdrcWhraUc5dzBCQVFzRkFEQU4KTVFzd0NRWURWUVFERXdKallUQWdGdzB5TXpFeU1Ua3hPREk0TXpCYUdBOHlNRFV6TVRJeE9URTRNemd6TUZvdwpEVEVMTUFrR0ExVUVBeE1DWTJFd2dnSWlNQTBHQ1NxR1NJYjNEUUVCQVFVQUE0SUNEd0F3Z2dJS0FvSUNBUURlCmZIc3MrbTBtZllqYlJ0TVAvZW1pSXV4TGJZdWlVcUlmYmZXWTY3dWpITGlmRzdUVUF6UHZuNVZwb2pxM3FzMDMKUTU5T1hQY09KVFZ2ODJoOGc2TitnKzNrOWhOeHRrYTVEdlNKWGRlbWZPUExyQmZlLzNZekk4VUpnaVdXRHEwVQptYlFleVhNMWtDV1MzU3hYOFlTUUFwQkJiL24xbFBiQ0FlMzBXUktMNU9DUUlia2VLeU9SZU5rS0g3QzJtamxGCk9UY0dYeHRZOHlLdUpSZXpJMjZIWjI2elk5bCs1b2ZreHI2cWs5WGlIMkxUVm45bklIUTgxNWcyTzhYOGVIWFIKVmRSVk1ETndVRDJIa2dPOGcycld1RnJmY0hxdlUwSlZUUzJ4WFJUWitxTHJ6YlFDaERmZzVxSkhHRzFwaks2VgovR2FNSUJZdzMwNzZMbnpZRlA4MWVvRVY4RXBKWTVOaHBOTjFKVjhPYzU0ckdBVk9oeDNQSmwyMWlrOFV3NjFtCkJpRktwVVAvMkN4QnBXaDBOZXNWdmVNdkJhem1oOWF3NHk0R1JOZTJLRUo2cVpKcldSdmJ4TTZEbFlWc0xiWmUKWXdpdzV5cFEvV3d6bmJQbWpNbmIxcDdKTnhlMElIbXZMa05vUjg2eisrMVNqVjNtWEtaQ01PNlg3Y3oyZ05FOAorTGVYaWt6cnZxV0dFTWlhdkR2TW9tUHoyS08vTkRKU0dwOThmM0VyN2lVeHlpSnFLQWFYU3hSNnJteS9MZEFHCjljZ3g1UEdtL3kxT3l0ZHl2dmE3eGY2eUdQc0RNQjFCa0szZjNCdnNsLzA5cGpGTUtNVHNKYjFBbkwveVF6Q1cKaDNOSFBWREhZcUxUWFR3VkZjK1pDSHBYYWpMZWtwZk5vZWxra25zN0pRSURBUUFCbzBJd1FEQU9CZ05WSFE4QgpBZjhFQkFNQ0FxUXdEd1lEVlIwVEFRSC9CQVV3QXdFQi96QWRCZ05WSFE0RUZnUVVSODlDcWdwL3JlRUswWVRTCm5lZ2ZQUy9ZbHZzd0RRWUpLb1pJaHZjTkFRRUxCUUFEZ2dJQkFNRUh5STlRQS91bGZ3WXc0RVFWbEYwcVRBTUkKajBsL3o2anl4RlI0alI3UVJnRTZHL0NpRE9oWTZiV2Fsd0IwbnVzdkI3WVk0MzEyOUtmbEJzYjZVck02VW84eQpiWWw3WnFTWW9nMG8zWXNuY05mTjRaZVV6TkRRbndmSTZhbXZhN0tHallISG5qRGc4V3lBTHVQaFAyYkJVY1NnCjMwSUlRSmlwNlQ4WkcvVXdZRm0zWFVGdFhhemlFcGlWRURLYmhIVGtIb3dDZ2JKM256RW0vUmVlN0JyRWNHNkIKOXE4ci9JaUV5aUtNaWk0bEdYQVBwRGZucUtyRmNXWFlSUTFmTlBwUXduV2w4cWpPWUNtNDZzNWVPOHpRWEJXYQp6Tld6L3A3bEpPVGFFNDAwTlZaeVVvUlkybmxJZDYrd05VeG1VN3FPMzExYzFUSmprZUljeGZOK3Vmb2JaM0x3CjhFYUJLKzFVQUUyak83eHlyQ3JkZjJHNHgxWkNMZnNNOCswZy9jRVFpSmFueWZXaHNaZ1dSblJSVUxKeHRRa0sKWDdVU0x4SWJTMzlaak8zc0R6YXg2emNJLzU2aWViSEVEVllpOWZoZzhJUE04MEd1UTBQckNJZWE5dXhRa1VxTgowS3NGay8rNXdnd2E0cW5VYnU1T3FPMk9jZjFZVkN5RDZ0dERYRFVvYXFwRklIWlZ5RTA2UjZiWGZIdlBHN0laCnVZTVhpY1RoVmZOQ3F5V2tEaUR2a1hSbzNSRVd5b0ZIYzNPNDJZNGpGLy9QNUxSVTdyRlpJcVdDc0VqU0hzY3kKak8weEIwSnZyU0dGRklhWFFVL3BwbW1jVkQ4TThZRTlURGhpazZrNkVrRWFJNHR5VW85Y2tSd3B5Z0VZcWpxVwpOWmFqaEthdTB2SjBGMFhtCi0tLS0tRU5EIENFUlRJRklDQVRFLS0tLS0K\n    server: https://jxgct-paysayhost-lhp6ksdq.hcp.centralindia.azmk8s.io:443\n  name: gct-paysay\ncontexts:\n- context:\n    cluster: gct-paysay\n    user: clusterAdmin_rg-cluster-gct-paysay_gct-paysay\n  name: gct-paysay\ncurrent-context: gct-paysay\nkind: Config\npreferences: {}\nusers:\n- name: clusterAdmin_rg-cluster-gct-paysay_gct-paysay\n  user:\n    client-certificate-data: LS0tLS1CRUdJTiBDRVJUSUZJQ0FURS0tLS0tCk1JSUZIVENDQXdXZ0F3SUJBZ0lRQ3RmTVNCekN2VkgySGpKSVphNG5MekFOQmdrcWhraUc5dzBCQVFzRkFEQU4KTVFzd0NRWURWUVFERXdKallUQWVGdzB5TXpFeU1Ua3hPREk0TXpCYUZ3MHlOVEV5TVRreE9ETTRNekJhTURBeApGekFWQmdOVkJBb1REbk41YzNSbGJUcHRZWE4wWlhKek1SVXdFd1lEVlFRREV3eHRZWE4wWlhKamJHbGxiblF3CmdnSWlNQTBHQ1NxR1NJYjNEUUVCQVFVQUE0SUNEd0F3Z2dJS0FvSUNBUUM5TFBJV0pUb3lsK0t5UnhHSWxhU2YKVnZVZW5qWWYwcjVEOTlIWmJZVEtpK0x0VjJickxiNWRITkMwV1JLMnpTMDQrbTVFMFk0dEZjWnhqbjRNNWoxNApaNjdQYVlHY0JnRUtJTXMwUkVyTGZSRUxraDRjWDVuYWhCTURpQjd2V1pRR3o2Vy9NOVhQY0ljQ3BGMEF0M3dxCjd1RHNFNWxmU3QyWVVFeWgzTnZaWmllQzQ2VGM0RjhqZ2pFZ2dZWFpGRXpzSExoNGoxMzdGaGdaZHBFc2pHZWIKQWFyNFAxUG5ObndESm9tNUttUGtES2RNMUx1NHhyZ0xwbHBUOUNOalRROU5OZHlWcVptOTFRR1JPUlMwV29XMwpmV3RFVjdtaVJzNnRnOFRGamdjK0JCdGVqVnRoUDRkRW5FRG5RQXFrRU1nWlJjQ1NISWY3aVViSVFtZWl2aUgvCnFJZDBjOVh6aEhHenFuV0FTcHM4NmZFNWFMK3FiUWhieFpOSDRXM1prQ3lMajg2aGxReXFlNkIvTEJZVUQxQ3oKK0hMcE1nbjZVN254SnZZTm44U3k5MTVlNW5pRjNhUWJvOFdMYWVxMHpCbFJMNXhmbDA5VGhmbWJubE9JSUtPWQpLc0dOK0xZOCtpaTV4Q1pZalBlNk5acmJIRUQzRWo4SE1KbWZVbHV5V1M2UHZSamxGbFU3a1RxaGNCdmVyYm5CCmNMcEY0Uk1COUNmRmYrQ01ZRnZjZTdIdDR6RWVzYmFVVG9lOHlRU0NUS3kvU3pHelgxNG1HOUkwdEIzK2Z4YysKaDhTL1JnV3NKZ1pTZlptcFRjUkJKOHNWYWR5ZlJwNHg3ZmtJWmg4dmZuN3E0NzJ1NVVZMm5wVUc2U0ljUTNycgpvY2NmUjhMSy9JOVdScUpla0VkRmJRSURBUUFCbzFZd1ZEQU9CZ05WSFE4QkFmOEVCQU1DQmFBd0V3WURWUjBsCkJBd3dDZ1lJS3dZQkJRVUhBd0l3REFZRFZSMFRBUUgvQkFJd0FEQWZCZ05WSFNNRUdEQVdnQlJIejBLcUNuK3QKNFFyUmhOS2Q2Qjg5TDlpVyt6QU5CZ2txaGtpRzl3MEJBUXNGQUFPQ0FnRUFDand5RENvYzdRVEczdVl5N3YwMQp2eEwyaXBWa3Nidk5XV08wTjE2NHRxSE5uUHE5UGZZSS8rUHBjVG43eUVFTlV6TC9PS1NGSWFRcE0wSGZVemRlCnUwbHZTc1FMUVVHQzNySG1CTUZ3K0NtaFh2ZThwT1F0NE1pdGZWMS8wRjJIRDB2YWJmWGkrZURkMlF1ZlFwaVIKQ2Q4N3hXTXQ5ZzhocUtyalp4STlpNU5LRHcxV2xwQmM2NUVLWlI5VWozSE9WRzR3cTF0WkR2dlBLS0E2azVRWQpvcVNvTDAzL1YzdVppem93Ymx5bXpVY0dqVE5Td0JNNUNwUm1KOWFxSm11MXNOVGZ1Rk5GUXJtTHFGa0J0UHJGCjNZVGtLMzQ3bHE4Yk41UUJveTNxclE0dUhiblBMT2hFR09yY2hYODI4ejdSRy9VN2pSQjZDTk5ZNW83MWhxK3UKUjQ5QmNkL0ZYNWdwdWpxci9KNGVzb2E2L2xXWFkrSDJtVFJTOWVXQ1ljSGdrTVpxSXpsODlDTWVyM3lhUTdlTwo4bDMvVUc2MjFSVFNqWnlVWitBMlZLZFhPUjV5VlI1dC9rd0dMT01BNk1Tb1M3SkNMTWx6TUowaFV6RUgydnRhCkYvWisrVUlDeTk3M0VucGliZVdUc1Z6RGdDNkJiNzJiVmxVa1hIS3JWeGVRMDhVTDRlTndkWFZGNkFnR3lrcjEKTWZYSXZyVXYrN1NTZitacGlnUVBkZzQ0ZGVlWUlKcFEzWHMraXkxRUM3M2JSKzVNbHdjREVlQ2Y4Q3dYYXMzUQowRktDcS9LT1V5dkZZWHQyME9XaG0vZlpLUkJlcVdaTVVkckpqZ3JYb2RSeGJCQjNMRFFoLzI3NUw5aDhoTHhJCkNtdUtGc0c4NkZ5QnJjd2lONk5RVHpFPQotLS0tLUVORCBDRVJUSUZJQ0FURS0tLS0tCg==\n    client-key-data: LS0tLS1CRUdJTiBSU0EgUFJJVkFURSBLRVktLS0tLQpNSUlKS0FJQkFBS0NBZ0VBdlN6eUZpVTZNcGZpc2tjUmlKV2tuMWIxSHA0Mkg5SytRL2ZSMlcyRXlvdmk3VmRtCjZ5MitYUnpRdEZrU3RzMHRPUHB1Uk5HT0xSWEdjWTUrRE9ZOWVHZXV6Mm1CbkFZQkNpRExORVJLeTMwUkM1SWUKSEYrWjJvUVRBNGdlNzFtVUJzK2x2elBWejNDSEFxUmRBTGQ4S3U3ZzdCT1pYMHJkbUZCTW9kemIyV1luZ3VPawozT0JmSTRJeElJR0YyUlJNN0J5NGVJOWQreFlZR1hhUkxJeG5td0dxK0Q5VDV6WjhBeWFKdVNwajVBeW5UTlM3CnVNYTRDNlphVS9RalkwMFBUVFhjbGFtWnZkVUJrVGtVdEZxRnQzMXJSRmU1b2tiT3JZUEV4WTRIUGdRYlhvMWIKWVQrSFJKeEE1MEFLcEJESUdVWEFraHlIKzRsR3lFSm5vcjRoLzZpSGRIUFY4NFJ4czZwMWdFcWJQT254T1dpLwpxbTBJVzhXVFIrRnQyWkFzaTQvT29aVU1xbnVnZnl3V0ZBOVFzL2h5NlRJSitsTzU4U2IyRFovRXN2ZGVYdVo0CmhkMmtHNlBGaTJucXRNd1pVUytjWDVkUFU0WDVtNTVUaUNDam1DckJqZmkyUFBvb3VjUW1XSXozdWpXYTJ4eEEKOXhJL0J6Q1puMUpic2xrdWo3MFk1UlpWTzVFNm9YQWIzcTI1d1hDNlJlRVRBZlFueFgvZ2pHQmIzSHV4N2VNeApIckcybEU2SHZNa0Vna3lzdjBzeHMxOWVKaHZTTkxRZC9uOFhQb2ZFdjBZRnJDWUdVbjJacVUzRVFTZkxGV25jCm4wYWVNZTM1Q0dZZkwzNSs2dU85cnVWR05wNlZCdWtpSEVONjY2SEhIMGZDeXZ5UFZrYWlYcEJIUlcwQ0F3RUEKQVFLQ0FnQnVjMmVFOW9kY01zSHhSUDAvdWQ4OENSRmtwd3NDMlpDdExtd2Zmb29obURzT1NCR1hEa1l2Snp2VAprSTRVblFiaVZaVThLUDNSNVB6UUlGb0lQZ1YxMzFONVZpaU9hQk1EVHRKVjJlbXhsWHYyUFlISEh5bzlJdy9XCjZBcm54RzFnN0t2aFR1cHZDMHhJaHA2bVpIcml0a1lzaitUa2RsbWJMSWNSbWxuaVBIcWxPVFJ3b2EvcWs0RUwKY1pRc2dtWEhGWjIvQmpYZys2MW1jSXVpYnZldTBQSjVyci9XSjBHUXRWZUQvUFFGbWoyejVpRVVhVEhiMjJ5eAp4OEZCb1NSbCtDU3FYVE9lV2xkbjZ1UGp5Vlo1STRrVmhnS2tkS01IUEFBUE9EV1NSK09TK1FWNWFoWVlRUUxFCkFlZzBrbmZDQ2ErOW4xcmx5ZWpCMDhPZWlWUmZac25kWUd5MlQzVlpDbExtV2xhM2ZVUERiWmgvZ2R6Tk1LSWIKL3RwUzJtSjFaTmp5RytYWGE5U3JYVG5ncDBEM01WZHNBUzdNOVBhdklxaFJOWjBqTTY3Qzd2R2psT1lKRDdtQwp4SlNRbzBtNkEyTDB1MU5IU3VRUHYyMnhydTZSaVZMclQwUnV3dDl4QjR5eHoxdllqUkJMNkhyWnpSaVpJVzBRCjM1WmpYMm0vTitRZTRSTDRDSVhNVUk3V1gyY0s5K2dscW43NU5hdTAzbkhta25FalYzYmh1MWcrY3h4YjNjVW0KS3BwbWFyVm5wVytoR3c1UjJqS2I1QXJOWFNHbVhGaDgvcXV4N3RXVHFYNFMxdk45SVBDZ25CSzRKbmhvRFZDbgowVysyZm1VbG5KYjZ0VWw4ODkveGk1cmplNDN3anRZU3Z5a1N3TURIWkZOejY4TGhBUUtDQVFFQXkzVHhSVG9GCjFNc2V3aTFSU1lMUW53bWdPbVdMdmtqYzJiNEJhWmNzYzBpdERySjZKOWtFZGdBdmVIWW04MnZsWnlVaWFNN1cKNWxRb09Uekk3TEpDeU42SjM2R2JTOFBpTS9oRWwrZVFRUUhDdTNRS2wzeThWZTBLVURnSnpNVUZtWkF6WEYwSApsQ25IdFE0akpRMDRRTi9GNXBCVndxRlVSWkpXNlMyVFkyVzJSRTcwNFluYzNTYjE1OWEzMXZhTkFWNmpHSGR0CnY0dE9FQ0tvYzRjVHZKblR4SWo3TDN1TVF4NnZxZ3ZLclZ6b1djRDg5Z3JTS2doQjFpSDlwalZCcll3d21MaFcKWWtCaGJGaG1JUkhRc0ZhcVMrbGFscHlkY3R2TUdvTHZJQThoOHp1YVdTeUlsVTJzYXhmVHpPL0tSVEluM2tUUApKbUtkUG1BTnZ4NkVOUUtDQVFFQTdnZlZZTDcra2t1eVN5cDVVQUg4RlB4QTZhZm9jcmhVZnFhdDYrTXdiVEZECnhqZ1psZE55Ri9VTElFdHRnTGhXKzJVOHZ4aXVuWDJGaU1oL0cxaCtoVEY3MzNnM3B3OWtSU0I4OGR6a2VqZHIKcnVSMjFsZWhoNlRFNExsRmdrV25qSUdwS3U5b01rQlRESmdlaGtkNlBocmg0RWFXQkoxSVZ5Z2hha0ZzUXdtUgpYWk9zb0NZakthQ3JwbjFON0NLc2ZtNDVmSVZKNG5sa1hqSEprQlAwdlAzcjNHK05rWktudmgzVFE2ODVPSGdGCkFlQnNzVU9jNUlueXR6QmtqNUFndWVhYTFSQ2kwaDdoU016U05Tb3lQazZzcHEzU0kveVBDVzFGZkw5YzZNVGMKQ1JrU3N1NExMd2g3T1lCT29PeVJhQmsxLzdTUWRSMHpQcERWQmhueldRS0NBUUFTbXVJSlM1SUc4SUFpajVSVQpYWk1JU0JBUDV3Tk5aa3BUMncwMEE2Lzc1dFIwZUp1MUV5SldUQlFMTnZxKzNjbi9rYVRBNHRGQ0JNWWMzZE1kCjJmdERkUjQwaGdtMmR2WXpmR3VCWEpxVFp6N1FkMzhVZFVLZnRPcHhoWDVYN0ZoanY0MEMwRHNHTUgvanJhUkgKR2h0ZnkxYkVpOFJiNVBiWTJkWDZ3c0Vzb0x0M0thVTVEcXRVeWVCSTBCakZub3dzYU9RUE03U2toRytpQ0JsUgpYelBOMWw5SUpLS2JwL2VlbDZyR3FRZGlyUkZPUzlpV0EwMU9yS3lna1VFcHRzc0h2TDhnNkJKMkw1NzVFbWhjCmM4MmFvb0kyS09Pd3pDZVZ2a1crMHVSZEVTVXdvZTJ1WStVbGloSFBSVUdJQnhGL0hHUUs3azNuRzdOM1piODgKRCtWVkFvSUJBSFlqWHkwZ1Bscy94S0wzMXJQMStEWTJLTVdQTjVoUWttYzF0TmFCc05SUkFqRk1RSzZTL21xVApqVTBmQXA5RFhyQnhRNkFZMFBtTGhnNG9iS1dXMjF5aC9iZ2hBNFlmNW9WRXBaNnBJcURpQnNrTHpVdCt2TVlFCjZrNGF4anZzOUVhUlIvUHVWTW0wRVVRTDhBSjNVVjJubS9uakxxdmxvRFRaenhQY21xMysvcTN5RUZoLzlTM0EKOTlDdkdsQ2J1UDhiRjk4TWpHb2lFOFdJY21EVzlyNGlUTURnZ09RQ1pNekFJczNTRnRWSEJEMDFOTjBhRUxHQgpJZnozd01GY0tGSDcrVmJNWmZOaHJqQ2lyNllCWm1SMFNjNkVNT3I1ZThpUytrejY4Vkw1K2JkdVFWQ2JRdU82CkV1YXNIdHBSNzYwNTdnb1doU2dMTVJiWmJWRVU2aWtDZ2dFQkFMbXMyQ2hZZ2NDMWVWK0Y3eDdsL3FOK0J3U3kKaHM2Q1QyZzNFVHR2Z3FzcUVWNUVSeC91bVpxa2xkVkdsVlVmcmxLNmUzZmh1QmROOHlGbElFMVo4Qk1kMGZFMQppM0JpZWhwR3NCKzdHczhOTDYvclJ2WFlsRVY4U0FPaW90WHdoaDdDUnUrdlFrak44ZDdrVk1HaEN4S2szQzNWCnZ5emJqM0ZrZkFDbXRaYlhvRG5mZkRiSXJOWjJ6SHoxazhiV0s2Tlc5dlp2N2U4WEFIV3JYM3hJVGJ2OEZtRzkKanQwTEpDcWVNYkFyK2hCeFUxdUdRVXRaV0ZnTE9Mb3dQOEdFc2I1L0c5QW9KbFZFYkoza1ZjcmJWd3RqVUQwLwprb0RiSnJFYnJuMk5wQ1RLMjR6SU1CZXZiL2d0a2ZoWWtVckVkNmFySVFmNWFBQkNqNUVDMDR5MExtYz0KLS0tLS1FTkQgUlNBIFBSSVZBVEUgS0VZLS0tLS0K\n    token: mcloqykzm0j3bofdeaol3vqgemevitdv2mmb8f43zgsmgzxauu42xmkeo66nyy6tij5kciyy4ib691l1ddpd2awwbvolpjbktco42qk4rf6hqolexmshw5h6sb7zmw4n\n",
      "type": "string",
      "sensitive": true
    }
  },
  "resources": [
    {
      "mode": "data",
      "type": "azurerm_subscription",
      "name": "current",
      "provider": "provider[\"registry.terraform.io/hashicorp/azurerm\"]",
      "instances": [
        {
          "schema_version": 0,
          "attributes": {
            "display_name": "Microsoft Azure Sponsorship",
            "id": "/subscriptions/e329e26a-2480-4b97-b60e-e40d67de7878",
            "location_placement_id": "PublicAndIndia_2015-09-01",
            "quota_id": "Sponsored_2016-01-01",
            "spending_limit": "Off",
            "state": "Enabled",
            "subscription_id": "e329e26a-2480-4b97-b60e-e40d67de7878",
            "tags": {},
            "tenant_id": "09953566-9af5-4e84-afe6-974a5fc25d4b",
            "timeouts": null
          },
          "sensitive_attributes": []
        }
      ]
    },
    {
      "mode": "managed",
      "type": "kubernetes_config_map",
      "name": "jenkins_x_requirements",
      "provider": "provider[\"registry.terraform.io/hashicorp/kubernetes\"]",
      "instances": [
        {
          "schema_version": 0,
          "attributes": {
            "binary_data": {},
            "data": {
              "jx-requirements.yml": "apiVersion: core.jenkins-x.io/v4beta1\nkind: Requirements\nspec:\n  cluster:\n    provider: aks\n    registry: gctpaysay.azurecr.io\n    azure:\n      storage:\n        storageAccountName: jxgctpaysay\n  \n      secretStorage:\n        keyVaultName: gct-paysay\n  \n  \n      dns:\n        resourceGroup: GCTFinserv\n        tenantId: 09953566-9af5-4e84-afe6-974a5fc25d4b\n        subscriptionId: e329e26a-2480-4b97-b60e-e40d67de7878\n  \n      clusterNodes:\n        clientID: 92287bb0-6841-42be-a206-8cb01200d691\n  environments:\n    - key: dev\n  ingress:\n    domain: paysay.in\n    externalDNS: true\n    tls: {}\n  \n  secretStorage: azurekeyvault\n  \n  storage:\n    - name: logs\n      url: azblob://logs\n  terraformVault: false"
            },
            "id": "default/terraform-jx-requirements",
            "immutable": false,
            "metadata": [
              {
                "annotations": {},
                "generate_name": "",
                "generation": 0,
                "labels": {},
                "name": "terraform-jx-requirements",
                "namespace": "default",
                "resource_version": "2080",
                "uid": "9920aa75-1d80-4abe-9cee-1ac59a1d854e"
              }
            ]
          },
          "sensitive_attributes": [],
          "private": "bnVsbA==",
          "dependencies": [
            "module.cluster.azurerm_resource_group.cluster",
            "module.cluster.azurerm_resource_group.network",
            "module.cluster.data.azurerm_subscription.current",
            "module.cluster.module.cluster.azurerm_kubernetes_cluster.aks",
            "module.cluster.module.cluster.azurerm_kubernetes_cluster_node_pool.buildnode",
            "module.cluster.module.cluster.azurerm_kubernetes_cluster_node_pool.mlnode",
            "module.cluster.module.cluster.azurerm_log_analytics_workspace.cluster",
            "module.cluster.module.vnet.azurerm_subnet.cluster_subnet",
            "module.cluster.module.vnet.azurerm_virtual_network.cluster",
            "module.dns.azurerm_resource_group.dns",
            "module.dns.data.azurerm_subscription.current",
            "module.jx-boot.helm_release.vault-instance",
            "module.jx-boot.helm_release.vault-operator",
            "module.registry.azurerm_container_registry.acr",
            "module.registry.azurerm_resource_group.acr",
            "module.registry.data.azurerm_container_registry.acr_existing",
            "module.secrets.azurerm_key_vault.jx",
            "module.secrets.azurerm_resource_group.key_vault",
            "module.secrets.data.azurerm_subscription.current",
            "module.storage.azurerm_resource_group.storage",
            "module.storage.azurerm_storage_account.storage",
            "module.storage.azurerm_storage_container.logs",
            "random_pet.name"
          ]
        }
      ]
    },
    {
      "mode": "managed",
      "type": "random_pet",
      "name": "name",
      "provider": "provider[\"registry.terraform.io/hashicorp/random\"]",
      "instances": [
        {
          "schema_version": 0,
          "attributes": {
            "id": "discrete-sparrow",
            "keepers": null,
            "length": 2,
            "prefix": null,
            "separator": "-"
          },
          "sensitive_attributes": []
        }
      ]
    },
    {
      "module": "module.cluster",
      "mode": "data",
      "type": "azurerm_subscription",
      "name": "current",
      "provider": "provider[\"registry.terraform.io/hashicorp/azurerm\"]",
      "instances": [
        {
          "schema_version": 0,
          "attributes": {
            "display_name": "Microsoft Azure Sponsorship",
            "id": "/subscriptions/e329e26a-2480-4b97-b60e-e40d67de7878",
            "location_placement_id": "PublicAndIndia_2015-09-01",
            "quota_id": "Sponsored_2016-01-01",
            "spending_limit": "Off",
            "state": "Enabled",
            "subscription_id": "e329e26a-2480-4b97-b60e-e40d67de7878",
            "tags": {},
            "tenant_id": "09953566-9af5-4e84-afe6-974a5fc25d4b",
            "timeouts": null
          },
          "sensitive_attributes": []
        }
      ]
    },
    {
      "module": "module.cluster",
      "mode": "managed",
      "type": "azurerm_resource_group",
      "name": "cluster",
      "provider": "provider[\"registry.terraform.io/hashicorp/azurerm\"]",
      "instances": [
        {
          "schema_version": 0,
          "attributes": {
            "id": "/subscriptions/e329e26a-2480-4b97-b60e-e40d67de7878/resourceGroups/rg-cluster-gct-paysay",
            "location": "centralindia",
            "name": "rg-cluster-gct-paysay",
            "tags": {},
            "timeouts": null
          },
          "sensitive_attributes": [],
          "private": "eyJlMmJmYjczMC1lY2FhLTExZTYtOGY4OC0zNDM2M2JjN2M0YzAiOnsiY3JlYXRlIjo1NDAwMDAwMDAwMDAwLCJkZWxldGUiOjU0MDAwMDAwMDAwMDAsInJlYWQiOjMwMDAwMDAwMDAwMCwidXBkYXRlIjo1NDAwMDAwMDAwMDAwfX0=",
          "dependencies": [
            "random_pet.name"
          ]
        }
      ]
    },
    {
      "module": "module.cluster",
      "mode": "managed",
      "type": "azurerm_resource_group",
      "name": "network",
      "provider": "provider[\"registry.terraform.io/hashicorp/azurerm\"]",
      "instances": [
        {
          "schema_version": 0,
          "attributes": {
            "id": "/subscriptions/e329e26a-2480-4b97-b60e-e40d67de7878/resourceGroups/rg-net-gct-paysay",
            "location": "centralindia",
            "name": "rg-net-gct-paysay",
            "tags": {},
            "timeouts": null
          },
          "sensitive_attributes": [],
          "private": "eyJlMmJmYjczMC1lY2FhLTExZTYtOGY4OC0zNDM2M2JjN2M0YzAiOnsiY3JlYXRlIjo1NDAwMDAwMDAwMDAwLCJkZWxldGUiOjU0MDAwMDAwMDAwMDAsInJlYWQiOjMwMDAwMDAwMDAwMCwidXBkYXRlIjo1NDAwMDAwMDAwMDAwfX0=",
          "dependencies": [
            "random_pet.name"
          ]
        }
      ]
    },
    {
      "module": "module.cluster.module.cluster",
      "mode": "managed",
      "type": "azurerm_kubernetes_cluster",
      "name": "aks",
      "provider": "provider[\"registry.terraform.io/hashicorp/azurerm\"]",
      "instances": [
        {
          "schema_version": 0,
          "attributes": {
            "addon_profile": [
              {
                "aci_connector_linux": [
                  {
                    "enabled": false,
                    "subnet_name": ""
                  }
                ],
                "azure_policy": [
                  {
                    "enabled": false
                  }
                ],
                "http_application_routing": [
                  {
                    "enabled": false,
                    "http_application_routing_zone_name": ""
                  }
                ],
                "ingress_application_gateway": [],
                "kube_dashboard": [
                  {
                    "enabled": false
                  }
                ],
                "oms_agent": []
              }
            ],
            "api_server_authorized_ip_ranges": [],
            "auto_scaler_profile": [
              {
                "balance_similar_node_groups": false,
                "empty_bulk_delete_max": "10",
                "expander": "random",
                "max_graceful_termination_sec": "600",
                "max_node_provisioning_time": "15m",
                "max_unready_nodes": 3,
                "max_unready_percentage": 45,
                "new_pod_scale_up_delay": "0s",
                "scale_down_delay_after_add": "10m",
                "scale_down_delay_after_delete": "10s",
                "scale_down_delay_after_failure": "3m",
                "scale_down_unneeded": "10m",
                "scale_down_unready": "20m",
                "scale_down_utilization_threshold": "0.5",
                "scan_interval": "10s",
                "skip_nodes_with_local_storage": false,
                "skip_nodes_with_system_pods": true
              }
            ],
            "automatic_channel_upgrade": "patch",
            "default_node_pool": [
              {
                "availability_zones": [],
                "enable_auto_scaling": true,
                "enable_host_encryption": false,
                "enable_node_public_ip": false,
                "max_count": 5,
                "max_pods": 110,
                "min_count": 2,
                "name": "default",
                "node_count": 2,
                "node_labels": {},
                "node_taints": [],
                "only_critical_addons_enabled": false,
                "orchestrator_version": "1.26.6",
                "os_disk_size_gb": 128,
                "os_disk_type": "Managed",
                "proximity_placement_group_id": "",
                "tags": {},
                "type": "VirtualMachineScaleSets",
                "upgrade_settings": [],
                "vm_size": "Standard_B2ms",
                "vnet_subnet_id": "/subscriptions/e329e26a-2480-4b97-b60e-e40d67de7878/resourceGroups/rg-net-gct-paysay/providers/Microsoft.Network/virtualNetworks/gct-paysay/subnets/gct-paysay"
              }
            ],
            "disk_encryption_set_id": "",
            "dns_prefix": "jxgct-paysayhost",
            "dns_prefix_private_cluster": "",
            "enable_pod_security_policy": false,
            "fqdn": "jxgct-paysayhost-lhp6ksdq.hcp.centralindia.azmk8s.io",
            "id": "/subscriptions/e329e26a-2480-4b97-b60e-e40d67de7878/resourcegroups/rg-cluster-gct-paysay/providers/Microsoft.ContainerService/managedClusters/gct-paysay",
            "identity": [
              {
                "principal_id": "d73b360a-b04d-4976-a1f4-b496cf9991bb",
                "tenant_id": "09953566-9af5-4e84-afe6-974a5fc25d4b",
                "type": "SystemAssigned",
                "user_assigned_identity_id": ""
              }
            ],
            "kube_admin_config": [
              {
                "client_certificate": "LS0tLS1CRUdJTiBDRVJUSUZJQ0FURS0tLS0tCk1JSUZIVENDQXdXZ0F3SUJBZ0lRQ3RmTVNCekN2VkgySGpKSVphNG5MekFOQmdrcWhraUc5dzBCQVFzRkFEQU4KTVFzd0NRWURWUVFERXdKallUQWVGdzB5TXpFeU1Ua3hPREk0TXpCYUZ3MHlOVEV5TVRreE9ETTRNekJhTURBeApGekFWQmdOVkJBb1REbk41YzNSbGJUcHRZWE4wWlhKek1SVXdFd1lEVlFRREV3eHRZWE4wWlhKamJHbGxiblF3CmdnSWlNQTBHQ1NxR1NJYjNEUUVCQVFVQUE0SUNEd0F3Z2dJS0FvSUNBUUM5TFBJV0pUb3lsK0t5UnhHSWxhU2YKVnZVZW5qWWYwcjVEOTlIWmJZVEtpK0x0VjJickxiNWRITkMwV1JLMnpTMDQrbTVFMFk0dEZjWnhqbjRNNWoxNApaNjdQYVlHY0JnRUtJTXMwUkVyTGZSRUxraDRjWDVuYWhCTURpQjd2V1pRR3o2Vy9NOVhQY0ljQ3BGMEF0M3dxCjd1RHNFNWxmU3QyWVVFeWgzTnZaWmllQzQ2VGM0RjhqZ2pFZ2dZWFpGRXpzSExoNGoxMzdGaGdaZHBFc2pHZWIKQWFyNFAxUG5ObndESm9tNUttUGtES2RNMUx1NHhyZ0xwbHBUOUNOalRROU5OZHlWcVptOTFRR1JPUlMwV29XMwpmV3RFVjdtaVJzNnRnOFRGamdjK0JCdGVqVnRoUDRkRW5FRG5RQXFrRU1nWlJjQ1NISWY3aVViSVFtZWl2aUgvCnFJZDBjOVh6aEhHenFuV0FTcHM4NmZFNWFMK3FiUWhieFpOSDRXM1prQ3lMajg2aGxReXFlNkIvTEJZVUQxQ3oKK0hMcE1nbjZVN254SnZZTm44U3k5MTVlNW5pRjNhUWJvOFdMYWVxMHpCbFJMNXhmbDA5VGhmbWJubE9JSUtPWQpLc0dOK0xZOCtpaTV4Q1pZalBlNk5acmJIRUQzRWo4SE1KbWZVbHV5V1M2UHZSamxGbFU3a1RxaGNCdmVyYm5CCmNMcEY0Uk1COUNmRmYrQ01ZRnZjZTdIdDR6RWVzYmFVVG9lOHlRU0NUS3kvU3pHelgxNG1HOUkwdEIzK2Z4YysKaDhTL1JnV3NKZ1pTZlptcFRjUkJKOHNWYWR5ZlJwNHg3ZmtJWmg4dmZuN3E0NzJ1NVVZMm5wVUc2U0ljUTNycgpvY2NmUjhMSy9JOVdScUpla0VkRmJRSURBUUFCbzFZd1ZEQU9CZ05WSFE4QkFmOEVCQU1DQmFBd0V3WURWUjBsCkJBd3dDZ1lJS3dZQkJRVUhBd0l3REFZRFZSMFRBUUgvQkFJd0FEQWZCZ05WSFNNRUdEQVdnQlJIejBLcUNuK3QKNFFyUmhOS2Q2Qjg5TDlpVyt6QU5CZ2txaGtpRzl3MEJBUXNGQUFPQ0FnRUFDand5RENvYzdRVEczdVl5N3YwMQp2eEwyaXBWa3Nidk5XV08wTjE2NHRxSE5uUHE5UGZZSS8rUHBjVG43eUVFTlV6TC9PS1NGSWFRcE0wSGZVemRlCnUwbHZTc1FMUVVHQzNySG1CTUZ3K0NtaFh2ZThwT1F0NE1pdGZWMS8wRjJIRDB2YWJmWGkrZURkMlF1ZlFwaVIKQ2Q4N3hXTXQ5ZzhocUtyalp4STlpNU5LRHcxV2xwQmM2NUVLWlI5VWozSE9WRzR3cTF0WkR2dlBLS0E2azVRWQpvcVNvTDAzL1YzdVppem93Ymx5bXpVY0dqVE5Td0JNNUNwUm1KOWFxSm11MXNOVGZ1Rk5GUXJtTHFGa0J0UHJGCjNZVGtLMzQ3bHE4Yk41UUJveTNxclE0dUhiblBMT2hFR09yY2hYODI4ejdSRy9VN2pSQjZDTk5ZNW83MWhxK3UKUjQ5QmNkL0ZYNWdwdWpxci9KNGVzb2E2L2xXWFkrSDJtVFJTOWVXQ1ljSGdrTVpxSXpsODlDTWVyM3lhUTdlTwo4bDMvVUc2MjFSVFNqWnlVWitBMlZLZFhPUjV5VlI1dC9rd0dMT01BNk1Tb1M3SkNMTWx6TUowaFV6RUgydnRhCkYvWisrVUlDeTk3M0VucGliZVdUc1Z6RGdDNkJiNzJiVmxVa1hIS3JWeGVRMDhVTDRlTndkWFZGNkFnR3lrcjEKTWZYSXZyVXYrN1NTZitacGlnUVBkZzQ0ZGVlWUlKcFEzWHMraXkxRUM3M2JSKzVNbHdjREVlQ2Y4Q3dYYXMzUQowRktDcS9LT1V5dkZZWHQyME9XaG0vZlpLUkJlcVdaTVVkckpqZ3JYb2RSeGJCQjNMRFFoLzI3NUw5aDhoTHhJCkNtdUtGc0c4NkZ5QnJjd2lONk5RVHpFPQotLS0tLUVORCBDRVJUSUZJQ0FURS0tLS0tCg==",
                "client_key": "LS0tLS1CRUdJTiBSU0EgUFJJVkFURSBLRVktLS0tLQpNSUlKS0FJQkFBS0NBZ0VBdlN6eUZpVTZNcGZpc2tjUmlKV2tuMWIxSHA0Mkg5SytRL2ZSMlcyRXlvdmk3VmRtCjZ5MitYUnpRdEZrU3RzMHRPUHB1Uk5HT0xSWEdjWTUrRE9ZOWVHZXV6Mm1CbkFZQkNpRExORVJLeTMwUkM1SWUKSEYrWjJvUVRBNGdlNzFtVUJzK2x2elBWejNDSEFxUmRBTGQ4S3U3ZzdCT1pYMHJkbUZCTW9kemIyV1luZ3VPawozT0JmSTRJeElJR0YyUlJNN0J5NGVJOWQreFlZR1hhUkxJeG5td0dxK0Q5VDV6WjhBeWFKdVNwajVBeW5UTlM3CnVNYTRDNlphVS9RalkwMFBUVFhjbGFtWnZkVUJrVGtVdEZxRnQzMXJSRmU1b2tiT3JZUEV4WTRIUGdRYlhvMWIKWVQrSFJKeEE1MEFLcEJESUdVWEFraHlIKzRsR3lFSm5vcjRoLzZpSGRIUFY4NFJ4czZwMWdFcWJQT254T1dpLwpxbTBJVzhXVFIrRnQyWkFzaTQvT29aVU1xbnVnZnl3V0ZBOVFzL2h5NlRJSitsTzU4U2IyRFovRXN2ZGVYdVo0CmhkMmtHNlBGaTJucXRNd1pVUytjWDVkUFU0WDVtNTVUaUNDam1DckJqZmkyUFBvb3VjUW1XSXozdWpXYTJ4eEEKOXhJL0J6Q1puMUpic2xrdWo3MFk1UlpWTzVFNm9YQWIzcTI1d1hDNlJlRVRBZlFueFgvZ2pHQmIzSHV4N2VNeApIckcybEU2SHZNa0Vna3lzdjBzeHMxOWVKaHZTTkxRZC9uOFhQb2ZFdjBZRnJDWUdVbjJacVUzRVFTZkxGV25jCm4wYWVNZTM1Q0dZZkwzNSs2dU85cnVWR05wNlZCdWtpSEVONjY2SEhIMGZDeXZ5UFZrYWlYcEJIUlcwQ0F3RUEKQVFLQ0FnQnVjMmVFOW9kY01zSHhSUDAvdWQ4OENSRmtwd3NDMlpDdExtd2Zmb29obURzT1NCR1hEa1l2Snp2VAprSTRVblFiaVZaVThLUDNSNVB6UUlGb0lQZ1YxMzFONVZpaU9hQk1EVHRKVjJlbXhsWHYyUFlISEh5bzlJdy9XCjZBcm54RzFnN0t2aFR1cHZDMHhJaHA2bVpIcml0a1lzaitUa2RsbWJMSWNSbWxuaVBIcWxPVFJ3b2EvcWs0RUwKY1pRc2dtWEhGWjIvQmpYZys2MW1jSXVpYnZldTBQSjVyci9XSjBHUXRWZUQvUFFGbWoyejVpRVVhVEhiMjJ5eAp4OEZCb1NSbCtDU3FYVE9lV2xkbjZ1UGp5Vlo1STRrVmhnS2tkS01IUEFBUE9EV1NSK09TK1FWNWFoWVlRUUxFCkFlZzBrbmZDQ2ErOW4xcmx5ZWpCMDhPZWlWUmZac25kWUd5MlQzVlpDbExtV2xhM2ZVUERiWmgvZ2R6Tk1LSWIKL3RwUzJtSjFaTmp5RytYWGE5U3JYVG5ncDBEM01WZHNBUzdNOVBhdklxaFJOWjBqTTY3Qzd2R2psT1lKRDdtQwp4SlNRbzBtNkEyTDB1MU5IU3VRUHYyMnhydTZSaVZMclQwUnV3dDl4QjR5eHoxdllqUkJMNkhyWnpSaVpJVzBRCjM1WmpYMm0vTitRZTRSTDRDSVhNVUk3V1gyY0s5K2dscW43NU5hdTAzbkhta25FalYzYmh1MWcrY3h4YjNjVW0KS3BwbWFyVm5wVytoR3c1UjJqS2I1QXJOWFNHbVhGaDgvcXV4N3RXVHFYNFMxdk45SVBDZ25CSzRKbmhvRFZDbgowVysyZm1VbG5KYjZ0VWw4ODkveGk1cmplNDN3anRZU3Z5a1N3TURIWkZOejY4TGhBUUtDQVFFQXkzVHhSVG9GCjFNc2V3aTFSU1lMUW53bWdPbVdMdmtqYzJiNEJhWmNzYzBpdERySjZKOWtFZGdBdmVIWW04MnZsWnlVaWFNN1cKNWxRb09Uekk3TEpDeU42SjM2R2JTOFBpTS9oRWwrZVFRUUhDdTNRS2wzeThWZTBLVURnSnpNVUZtWkF6WEYwSApsQ25IdFE0akpRMDRRTi9GNXBCVndxRlVSWkpXNlMyVFkyVzJSRTcwNFluYzNTYjE1OWEzMXZhTkFWNmpHSGR0CnY0dE9FQ0tvYzRjVHZKblR4SWo3TDN1TVF4NnZxZ3ZLclZ6b1djRDg5Z3JTS2doQjFpSDlwalZCcll3d21MaFcKWWtCaGJGaG1JUkhRc0ZhcVMrbGFscHlkY3R2TUdvTHZJQThoOHp1YVdTeUlsVTJzYXhmVHpPL0tSVEluM2tUUApKbUtkUG1BTnZ4NkVOUUtDQVFFQTdnZlZZTDcra2t1eVN5cDVVQUg4RlB4QTZhZm9jcmhVZnFhdDYrTXdiVEZECnhqZ1psZE55Ri9VTElFdHRnTGhXKzJVOHZ4aXVuWDJGaU1oL0cxaCtoVEY3MzNnM3B3OWtSU0I4OGR6a2VqZHIKcnVSMjFsZWhoNlRFNExsRmdrV25qSUdwS3U5b01rQlRESmdlaGtkNlBocmg0RWFXQkoxSVZ5Z2hha0ZzUXdtUgpYWk9zb0NZakthQ3JwbjFON0NLc2ZtNDVmSVZKNG5sa1hqSEprQlAwdlAzcjNHK05rWktudmgzVFE2ODVPSGdGCkFlQnNzVU9jNUlueXR6QmtqNUFndWVhYTFSQ2kwaDdoU016U05Tb3lQazZzcHEzU0kveVBDVzFGZkw5YzZNVGMKQ1JrU3N1NExMd2g3T1lCT29PeVJhQmsxLzdTUWRSMHpQcERWQmhueldRS0NBUUFTbXVJSlM1SUc4SUFpajVSVQpYWk1JU0JBUDV3Tk5aa3BUMncwMEE2Lzc1dFIwZUp1MUV5SldUQlFMTnZxKzNjbi9rYVRBNHRGQ0JNWWMzZE1kCjJmdERkUjQwaGdtMmR2WXpmR3VCWEpxVFp6N1FkMzhVZFVLZnRPcHhoWDVYN0ZoanY0MEMwRHNHTUgvanJhUkgKR2h0ZnkxYkVpOFJiNVBiWTJkWDZ3c0Vzb0x0M0thVTVEcXRVeWVCSTBCakZub3dzYU9RUE03U2toRytpQ0JsUgpYelBOMWw5SUpLS2JwL2VlbDZyR3FRZGlyUkZPUzlpV0EwMU9yS3lna1VFcHRzc0h2TDhnNkJKMkw1NzVFbWhjCmM4MmFvb0kyS09Pd3pDZVZ2a1crMHVSZEVTVXdvZTJ1WStVbGloSFBSVUdJQnhGL0hHUUs3azNuRzdOM1piODgKRCtWVkFvSUJBSFlqWHkwZ1Bscy94S0wzMXJQMStEWTJLTVdQTjVoUWttYzF0TmFCc05SUkFqRk1RSzZTL21xVApqVTBmQXA5RFhyQnhRNkFZMFBtTGhnNG9iS1dXMjF5aC9iZ2hBNFlmNW9WRXBaNnBJcURpQnNrTHpVdCt2TVlFCjZrNGF4anZzOUVhUlIvUHVWTW0wRVVRTDhBSjNVVjJubS9uakxxdmxvRFRaenhQY21xMysvcTN5RUZoLzlTM0EKOTlDdkdsQ2J1UDhiRjk4TWpHb2lFOFdJY21EVzlyNGlUTURnZ09RQ1pNekFJczNTRnRWSEJEMDFOTjBhRUxHQgpJZnozd01GY0tGSDcrVmJNWmZOaHJqQ2lyNllCWm1SMFNjNkVNT3I1ZThpUytrejY4Vkw1K2JkdVFWQ2JRdU82CkV1YXNIdHBSNzYwNTdnb1doU2dMTVJiWmJWRVU2aWtDZ2dFQkFMbXMyQ2hZZ2NDMWVWK0Y3eDdsL3FOK0J3U3kKaHM2Q1QyZzNFVHR2Z3FzcUVWNUVSeC91bVpxa2xkVkdsVlVmcmxLNmUzZmh1QmROOHlGbElFMVo4Qk1kMGZFMQppM0JpZWhwR3NCKzdHczhOTDYvclJ2WFlsRVY4U0FPaW90WHdoaDdDUnUrdlFrak44ZDdrVk1HaEN4S2szQzNWCnZ5emJqM0ZrZkFDbXRaYlhvRG5mZkRiSXJOWjJ6SHoxazhiV0s2Tlc5dlp2N2U4WEFIV3JYM3hJVGJ2OEZtRzkKanQwTEpDcWVNYkFyK2hCeFUxdUdRVXRaV0ZnTE9Mb3dQOEdFc2I1L0c5QW9KbFZFYkoza1ZjcmJWd3RqVUQwLwprb0RiSnJFYnJuMk5wQ1RLMjR6SU1CZXZiL2d0a2ZoWWtVckVkNmFySVFmNWFBQkNqNUVDMDR5MExtYz0KLS0tLS1FTkQgUlNBIFBSSVZBVEUgS0VZLS0tLS0K",
                "cluster_ca_certificate": "LS0tLS1CRUdJTiBDRVJUSUZJQ0FURS0tLS0tCk1JSUU2RENDQXRDZ0F3SUJBZ0lRRUV0aGhuRDVXenVNR1FlOE1yL2lvREFOQmdrcWhraUc5dzBCQVFzRkFEQU4KTVFzd0NRWURWUVFERXdKallUQWdGdzB5TXpFeU1Ua3hPREk0TXpCYUdBOHlNRFV6TVRJeE9URTRNemd6TUZvdwpEVEVMTUFrR0ExVUVBeE1DWTJFd2dnSWlNQTBHQ1NxR1NJYjNEUUVCQVFVQUE0SUNEd0F3Z2dJS0FvSUNBUURlCmZIc3MrbTBtZllqYlJ0TVAvZW1pSXV4TGJZdWlVcUlmYmZXWTY3dWpITGlmRzdUVUF6UHZuNVZwb2pxM3FzMDMKUTU5T1hQY09KVFZ2ODJoOGc2TitnKzNrOWhOeHRrYTVEdlNKWGRlbWZPUExyQmZlLzNZekk4VUpnaVdXRHEwVQptYlFleVhNMWtDV1MzU3hYOFlTUUFwQkJiL24xbFBiQ0FlMzBXUktMNU9DUUlia2VLeU9SZU5rS0g3QzJtamxGCk9UY0dYeHRZOHlLdUpSZXpJMjZIWjI2elk5bCs1b2ZreHI2cWs5WGlIMkxUVm45bklIUTgxNWcyTzhYOGVIWFIKVmRSVk1ETndVRDJIa2dPOGcycld1RnJmY0hxdlUwSlZUUzJ4WFJUWitxTHJ6YlFDaERmZzVxSkhHRzFwaks2VgovR2FNSUJZdzMwNzZMbnpZRlA4MWVvRVY4RXBKWTVOaHBOTjFKVjhPYzU0ckdBVk9oeDNQSmwyMWlrOFV3NjFtCkJpRktwVVAvMkN4QnBXaDBOZXNWdmVNdkJhem1oOWF3NHk0R1JOZTJLRUo2cVpKcldSdmJ4TTZEbFlWc0xiWmUKWXdpdzV5cFEvV3d6bmJQbWpNbmIxcDdKTnhlMElIbXZMa05vUjg2eisrMVNqVjNtWEtaQ01PNlg3Y3oyZ05FOAorTGVYaWt6cnZxV0dFTWlhdkR2TW9tUHoyS08vTkRKU0dwOThmM0VyN2lVeHlpSnFLQWFYU3hSNnJteS9MZEFHCjljZ3g1UEdtL3kxT3l0ZHl2dmE3eGY2eUdQc0RNQjFCa0szZjNCdnNsLzA5cGpGTUtNVHNKYjFBbkwveVF6Q1cKaDNOSFBWREhZcUxUWFR3VkZjK1pDSHBYYWpMZWtwZk5vZWxra25zN0pRSURBUUFCbzBJd1FEQU9CZ05WSFE4QgpBZjhFQkFNQ0FxUXdEd1lEVlIwVEFRSC9CQVV3QXdFQi96QWRCZ05WSFE0RUZnUVVSODlDcWdwL3JlRUswWVRTCm5lZ2ZQUy9ZbHZzd0RRWUpLb1pJaHZjTkFRRUxCUUFEZ2dJQkFNRUh5STlRQS91bGZ3WXc0RVFWbEYwcVRBTUkKajBsL3o2anl4RlI0alI3UVJnRTZHL0NpRE9oWTZiV2Fsd0IwbnVzdkI3WVk0MzEyOUtmbEJzYjZVck02VW84eQpiWWw3WnFTWW9nMG8zWXNuY05mTjRaZVV6TkRRbndmSTZhbXZhN0tHallISG5qRGc4V3lBTHVQaFAyYkJVY1NnCjMwSUlRSmlwNlQ4WkcvVXdZRm0zWFVGdFhhemlFcGlWRURLYmhIVGtIb3dDZ2JKM256RW0vUmVlN0JyRWNHNkIKOXE4ci9JaUV5aUtNaWk0bEdYQVBwRGZucUtyRmNXWFlSUTFmTlBwUXduV2w4cWpPWUNtNDZzNWVPOHpRWEJXYQp6Tld6L3A3bEpPVGFFNDAwTlZaeVVvUlkybmxJZDYrd05VeG1VN3FPMzExYzFUSmprZUljeGZOK3Vmb2JaM0x3CjhFYUJLKzFVQUUyak83eHlyQ3JkZjJHNHgxWkNMZnNNOCswZy9jRVFpSmFueWZXaHNaZ1dSblJSVUxKeHRRa0sKWDdVU0x4SWJTMzlaak8zc0R6YXg2emNJLzU2aWViSEVEVllpOWZoZzhJUE04MEd1UTBQckNJZWE5dXhRa1VxTgowS3NGay8rNXdnd2E0cW5VYnU1T3FPMk9jZjFZVkN5RDZ0dERYRFVvYXFwRklIWlZ5RTA2UjZiWGZIdlBHN0laCnVZTVhpY1RoVmZOQ3F5V2tEaUR2a1hSbzNSRVd5b0ZIYzNPNDJZNGpGLy9QNUxSVTdyRlpJcVdDc0VqU0hzY3kKak8weEIwSnZyU0dGRklhWFFVL3BwbW1jVkQ4TThZRTlURGhpazZrNkVrRWFJNHR5VW85Y2tSd3B5Z0VZcWpxVwpOWmFqaEthdTB2SjBGMFhtCi0tLS0tRU5EIENFUlRJRklDQVRFLS0tLS0K",
                "host": "https://jxgct-paysayhost-lhp6ksdq.hcp.centralindia.azmk8s.io:443",
                "password": "mcloqykzm0j3bofdeaol3vqgemevitdv2mmb8f43zgsmgzxauu42xmkeo66nyy6tij5kciyy4ib691l1ddpd2awwbvolpjbktco42qk4rf6hqolexmshw5h6sb7zmw4n",
                "username": "clusterAdmin_rg-cluster-gct-paysay_gct-paysay"
              }
            ],
            "kube_admin_config_raw": "apiVersion: v1\nclusters:\n- cluster:\n    certificate-authority-data: LS0tLS1CRUdJTiBDRVJUSUZJQ0FURS0tLS0tCk1JSUU2RENDQXRDZ0F3SUJBZ0lRRUV0aGhuRDVXenVNR1FlOE1yL2lvREFOQmdrcWhraUc5dzBCQVFzRkFEQU4KTVFzd0NRWURWUVFERXdKallUQWdGdzB5TXpFeU1Ua3hPREk0TXpCYUdBOHlNRFV6TVRJeE9URTRNemd6TUZvdwpEVEVMTUFrR0ExVUVBeE1DWTJFd2dnSWlNQTBHQ1NxR1NJYjNEUUVCQVFVQUE0SUNEd0F3Z2dJS0FvSUNBUURlCmZIc3MrbTBtZllqYlJ0TVAvZW1pSXV4TGJZdWlVcUlmYmZXWTY3dWpITGlmRzdUVUF6UHZuNVZwb2pxM3FzMDMKUTU5T1hQY09KVFZ2ODJoOGc2TitnKzNrOWhOeHRrYTVEdlNKWGRlbWZPUExyQmZlLzNZekk4VUpnaVdXRHEwVQptYlFleVhNMWtDV1MzU3hYOFlTUUFwQkJiL24xbFBiQ0FlMzBXUktMNU9DUUlia2VLeU9SZU5rS0g3QzJtamxGCk9UY0dYeHRZOHlLdUpSZXpJMjZIWjI2elk5bCs1b2ZreHI2cWs5WGlIMkxUVm45bklIUTgxNWcyTzhYOGVIWFIKVmRSVk1ETndVRDJIa2dPOGcycld1RnJmY0hxdlUwSlZUUzJ4WFJUWitxTHJ6YlFDaERmZzVxSkhHRzFwaks2VgovR2FNSUJZdzMwNzZMbnpZRlA4MWVvRVY4RXBKWTVOaHBOTjFKVjhPYzU0ckdBVk9oeDNQSmwyMWlrOFV3NjFtCkJpRktwVVAvMkN4QnBXaDBOZXNWdmVNdkJhem1oOWF3NHk0R1JOZTJLRUo2cVpKcldSdmJ4TTZEbFlWc0xiWmUKWXdpdzV5cFEvV3d6bmJQbWpNbmIxcDdKTnhlMElIbXZMa05vUjg2eisrMVNqVjNtWEtaQ01PNlg3Y3oyZ05FOAorTGVYaWt6cnZxV0dFTWlhdkR2TW9tUHoyS08vTkRKU0dwOThmM0VyN2lVeHlpSnFLQWFYU3hSNnJteS9MZEFHCjljZ3g1UEdtL3kxT3l0ZHl2dmE3eGY2eUdQc0RNQjFCa0szZjNCdnNsLzA5cGpGTUtNVHNKYjFBbkwveVF6Q1cKaDNOSFBWREhZcUxUWFR3VkZjK1pDSHBYYWpMZWtwZk5vZWxra25zN0pRSURBUUFCbzBJd1FEQU9CZ05WSFE4QgpBZjhFQkFNQ0FxUXdEd1lEVlIwVEFRSC9CQVV3QXdFQi96QWRCZ05WSFE0RUZnUVVSODlDcWdwL3JlRUswWVRTCm5lZ2ZQUy9ZbHZzd0RRWUpLb1pJaHZjTkFRRUxCUUFEZ2dJQkFNRUh5STlRQS91bGZ3WXc0RVFWbEYwcVRBTUkKajBsL3o2anl4RlI0alI3UVJnRTZHL0NpRE9oWTZiV2Fsd0IwbnVzdkI3WVk0MzEyOUtmbEJzYjZVck02VW84eQpiWWw3WnFTWW9nMG8zWXNuY05mTjRaZVV6TkRRbndmSTZhbXZhN0tHallISG5qRGc4V3lBTHVQaFAyYkJVY1NnCjMwSUlRSmlwNlQ4WkcvVXdZRm0zWFVGdFhhemlFcGlWRURLYmhIVGtIb3dDZ2JKM256RW0vUmVlN0JyRWNHNkIKOXE4ci9JaUV5aUtNaWk0bEdYQVBwRGZucUtyRmNXWFlSUTFmTlBwUXduV2w4cWpPWUNtNDZzNWVPOHpRWEJXYQp6Tld6L3A3bEpPVGFFNDAwTlZaeVVvUlkybmxJZDYrd05VeG1VN3FPMzExYzFUSmprZUljeGZOK3Vmb2JaM0x3CjhFYUJLKzFVQUUyak83eHlyQ3JkZjJHNHgxWkNMZnNNOCswZy9jRVFpSmFueWZXaHNaZ1dSblJSVUxKeHRRa0sKWDdVU0x4SWJTMzlaak8zc0R6YXg2emNJLzU2aWViSEVEVllpOWZoZzhJUE04MEd1UTBQckNJZWE5dXhRa1VxTgowS3NGay8rNXdnd2E0cW5VYnU1T3FPMk9jZjFZVkN5RDZ0dERYRFVvYXFwRklIWlZ5RTA2UjZiWGZIdlBHN0laCnVZTVhpY1RoVmZOQ3F5V2tEaUR2a1hSbzNSRVd5b0ZIYzNPNDJZNGpGLy9QNUxSVTdyRlpJcVdDc0VqU0hzY3kKak8weEIwSnZyU0dGRklhWFFVL3BwbW1jVkQ4TThZRTlURGhpazZrNkVrRWFJNHR5VW85Y2tSd3B5Z0VZcWpxVwpOWmFqaEthdTB2SjBGMFhtCi0tLS0tRU5EIENFUlRJRklDQVRFLS0tLS0K\n    server: https://jxgct-paysayhost-lhp6ksdq.hcp.centralindia.azmk8s.io:443\n  name: gct-paysay\ncontexts:\n- context:\n    cluster: gct-paysay\n    user: clusterAdmin_rg-cluster-gct-paysay_gct-paysay\n  name: gct-paysay\ncurrent-context: gct-paysay\nkind: Config\npreferences: {}\nusers:\n- name: clusterAdmin_rg-cluster-gct-paysay_gct-paysay\n  user:\n    client-certificate-data: LS0tLS1CRUdJTiBDRVJUSUZJQ0FURS0tLS0tCk1JSUZIVENDQXdXZ0F3SUJBZ0lRQ3RmTVNCekN2VkgySGpKSVphNG5MekFOQmdrcWhraUc5dzBCQVFzRkFEQU4KTVFzd0NRWURWUVFERXdKallUQWVGdzB5TXpFeU1Ua3hPREk0TXpCYUZ3MHlOVEV5TVRreE9ETTRNekJhTURBeApGekFWQmdOVkJBb1REbk41YzNSbGJUcHRZWE4wWlhKek1SVXdFd1lEVlFRREV3eHRZWE4wWlhKamJHbGxiblF3CmdnSWlNQTBHQ1NxR1NJYjNEUUVCQVFVQUE0SUNEd0F3Z2dJS0FvSUNBUUM5TFBJV0pUb3lsK0t5UnhHSWxhU2YKVnZVZW5qWWYwcjVEOTlIWmJZVEtpK0x0VjJickxiNWRITkMwV1JLMnpTMDQrbTVFMFk0dEZjWnhqbjRNNWoxNApaNjdQYVlHY0JnRUtJTXMwUkVyTGZSRUxraDRjWDVuYWhCTURpQjd2V1pRR3o2Vy9NOVhQY0ljQ3BGMEF0M3dxCjd1RHNFNWxmU3QyWVVFeWgzTnZaWmllQzQ2VGM0RjhqZ2pFZ2dZWFpGRXpzSExoNGoxMzdGaGdaZHBFc2pHZWIKQWFyNFAxUG5ObndESm9tNUttUGtES2RNMUx1NHhyZ0xwbHBUOUNOalRROU5OZHlWcVptOTFRR1JPUlMwV29XMwpmV3RFVjdtaVJzNnRnOFRGamdjK0JCdGVqVnRoUDRkRW5FRG5RQXFrRU1nWlJjQ1NISWY3aVViSVFtZWl2aUgvCnFJZDBjOVh6aEhHenFuV0FTcHM4NmZFNWFMK3FiUWhieFpOSDRXM1prQ3lMajg2aGxReXFlNkIvTEJZVUQxQ3oKK0hMcE1nbjZVN254SnZZTm44U3k5MTVlNW5pRjNhUWJvOFdMYWVxMHpCbFJMNXhmbDA5VGhmbWJubE9JSUtPWQpLc0dOK0xZOCtpaTV4Q1pZalBlNk5acmJIRUQzRWo4SE1KbWZVbHV5V1M2UHZSamxGbFU3a1RxaGNCdmVyYm5CCmNMcEY0Uk1COUNmRmYrQ01ZRnZjZTdIdDR6RWVzYmFVVG9lOHlRU0NUS3kvU3pHelgxNG1HOUkwdEIzK2Z4YysKaDhTL1JnV3NKZ1pTZlptcFRjUkJKOHNWYWR5ZlJwNHg3ZmtJWmg4dmZuN3E0NzJ1NVVZMm5wVUc2U0ljUTNycgpvY2NmUjhMSy9JOVdScUpla0VkRmJRSURBUUFCbzFZd1ZEQU9CZ05WSFE4QkFmOEVCQU1DQmFBd0V3WURWUjBsCkJBd3dDZ1lJS3dZQkJRVUhBd0l3REFZRFZSMFRBUUgvQkFJd0FEQWZCZ05WSFNNRUdEQVdnQlJIejBLcUNuK3QKNFFyUmhOS2Q2Qjg5TDlpVyt6QU5CZ2txaGtpRzl3MEJBUXNGQUFPQ0FnRUFDand5RENvYzdRVEczdVl5N3YwMQp2eEwyaXBWa3Nidk5XV08wTjE2NHRxSE5uUHE5UGZZSS8rUHBjVG43eUVFTlV6TC9PS1NGSWFRcE0wSGZVemRlCnUwbHZTc1FMUVVHQzNySG1CTUZ3K0NtaFh2ZThwT1F0NE1pdGZWMS8wRjJIRDB2YWJmWGkrZURkMlF1ZlFwaVIKQ2Q4N3hXTXQ5ZzhocUtyalp4STlpNU5LRHcxV2xwQmM2NUVLWlI5VWozSE9WRzR3cTF0WkR2dlBLS0E2azVRWQpvcVNvTDAzL1YzdVppem93Ymx5bXpVY0dqVE5Td0JNNUNwUm1KOWFxSm11MXNOVGZ1Rk5GUXJtTHFGa0J0UHJGCjNZVGtLMzQ3bHE4Yk41UUJveTNxclE0dUhiblBMT2hFR09yY2hYODI4ejdSRy9VN2pSQjZDTk5ZNW83MWhxK3UKUjQ5QmNkL0ZYNWdwdWpxci9KNGVzb2E2L2xXWFkrSDJtVFJTOWVXQ1ljSGdrTVpxSXpsODlDTWVyM3lhUTdlTwo4bDMvVUc2MjFSVFNqWnlVWitBMlZLZFhPUjV5VlI1dC9rd0dMT01BNk1Tb1M3SkNMTWx6TUowaFV6RUgydnRhCkYvWisrVUlDeTk3M0VucGliZVdUc1Z6RGdDNkJiNzJiVmxVa1hIS3JWeGVRMDhVTDRlTndkWFZGNkFnR3lrcjEKTWZYSXZyVXYrN1NTZitacGlnUVBkZzQ0ZGVlWUlKcFEzWHMraXkxRUM3M2JSKzVNbHdjREVlQ2Y4Q3dYYXMzUQowRktDcS9LT1V5dkZZWHQyME9XaG0vZlpLUkJlcVdaTVVkckpqZ3JYb2RSeGJCQjNMRFFoLzI3NUw5aDhoTHhJCkNtdUtGc0c4NkZ5QnJjd2lONk5RVHpFPQotLS0tLUVORCBDRVJUSUZJQ0FURS0tLS0tCg==\n    client-key-data: LS0tLS1CRUdJTiBSU0EgUFJJVkFURSBLRVktLS0tLQpNSUlKS0FJQkFBS0NBZ0VBdlN6eUZpVTZNcGZpc2tjUmlKV2tuMWIxSHA0Mkg5SytRL2ZSMlcyRXlvdmk3VmRtCjZ5MitYUnpRdEZrU3RzMHRPUHB1Uk5HT0xSWEdjWTUrRE9ZOWVHZXV6Mm1CbkFZQkNpRExORVJLeTMwUkM1SWUKSEYrWjJvUVRBNGdlNzFtVUJzK2x2elBWejNDSEFxUmRBTGQ4S3U3ZzdCT1pYMHJkbUZCTW9kemIyV1luZ3VPawozT0JmSTRJeElJR0YyUlJNN0J5NGVJOWQreFlZR1hhUkxJeG5td0dxK0Q5VDV6WjhBeWFKdVNwajVBeW5UTlM3CnVNYTRDNlphVS9RalkwMFBUVFhjbGFtWnZkVUJrVGtVdEZxRnQzMXJSRmU1b2tiT3JZUEV4WTRIUGdRYlhvMWIKWVQrSFJKeEE1MEFLcEJESUdVWEFraHlIKzRsR3lFSm5vcjRoLzZpSGRIUFY4NFJ4czZwMWdFcWJQT254T1dpLwpxbTBJVzhXVFIrRnQyWkFzaTQvT29aVU1xbnVnZnl3V0ZBOVFzL2h5NlRJSitsTzU4U2IyRFovRXN2ZGVYdVo0CmhkMmtHNlBGaTJucXRNd1pVUytjWDVkUFU0WDVtNTVUaUNDam1DckJqZmkyUFBvb3VjUW1XSXozdWpXYTJ4eEEKOXhJL0J6Q1puMUpic2xrdWo3MFk1UlpWTzVFNm9YQWIzcTI1d1hDNlJlRVRBZlFueFgvZ2pHQmIzSHV4N2VNeApIckcybEU2SHZNa0Vna3lzdjBzeHMxOWVKaHZTTkxRZC9uOFhQb2ZFdjBZRnJDWUdVbjJacVUzRVFTZkxGV25jCm4wYWVNZTM1Q0dZZkwzNSs2dU85cnVWR05wNlZCdWtpSEVONjY2SEhIMGZDeXZ5UFZrYWlYcEJIUlcwQ0F3RUEKQVFLQ0FnQnVjMmVFOW9kY01zSHhSUDAvdWQ4OENSRmtwd3NDMlpDdExtd2Zmb29obURzT1NCR1hEa1l2Snp2VAprSTRVblFiaVZaVThLUDNSNVB6UUlGb0lQZ1YxMzFONVZpaU9hQk1EVHRKVjJlbXhsWHYyUFlISEh5bzlJdy9XCjZBcm54RzFnN0t2aFR1cHZDMHhJaHA2bVpIcml0a1lzaitUa2RsbWJMSWNSbWxuaVBIcWxPVFJ3b2EvcWs0RUwKY1pRc2dtWEhGWjIvQmpYZys2MW1jSXVpYnZldTBQSjVyci9XSjBHUXRWZUQvUFFGbWoyejVpRVVhVEhiMjJ5eAp4OEZCb1NSbCtDU3FYVE9lV2xkbjZ1UGp5Vlo1STRrVmhnS2tkS01IUEFBUE9EV1NSK09TK1FWNWFoWVlRUUxFCkFlZzBrbmZDQ2ErOW4xcmx5ZWpCMDhPZWlWUmZac25kWUd5MlQzVlpDbExtV2xhM2ZVUERiWmgvZ2R6Tk1LSWIKL3RwUzJtSjFaTmp5RytYWGE5U3JYVG5ncDBEM01WZHNBUzdNOVBhdklxaFJOWjBqTTY3Qzd2R2psT1lKRDdtQwp4SlNRbzBtNkEyTDB1MU5IU3VRUHYyMnhydTZSaVZMclQwUnV3dDl4QjR5eHoxdllqUkJMNkhyWnpSaVpJVzBRCjM1WmpYMm0vTitRZTRSTDRDSVhNVUk3V1gyY0s5K2dscW43NU5hdTAzbkhta25FalYzYmh1MWcrY3h4YjNjVW0KS3BwbWFyVm5wVytoR3c1UjJqS2I1QXJOWFNHbVhGaDgvcXV4N3RXVHFYNFMxdk45SVBDZ25CSzRKbmhvRFZDbgowVysyZm1VbG5KYjZ0VWw4ODkveGk1cmplNDN3anRZU3Z5a1N3TURIWkZOejY4TGhBUUtDQVFFQXkzVHhSVG9GCjFNc2V3aTFSU1lMUW53bWdPbVdMdmtqYzJiNEJhWmNzYzBpdERySjZKOWtFZGdBdmVIWW04MnZsWnlVaWFNN1cKNWxRb09Uekk3TEpDeU42SjM2R2JTOFBpTS9oRWwrZVFRUUhDdTNRS2wzeThWZTBLVURnSnpNVUZtWkF6WEYwSApsQ25IdFE0akpRMDRRTi9GNXBCVndxRlVSWkpXNlMyVFkyVzJSRTcwNFluYzNTYjE1OWEzMXZhTkFWNmpHSGR0CnY0dE9FQ0tvYzRjVHZKblR4SWo3TDN1TVF4NnZxZ3ZLclZ6b1djRDg5Z3JTS2doQjFpSDlwalZCcll3d21MaFcKWWtCaGJGaG1JUkhRc0ZhcVMrbGFscHlkY3R2TUdvTHZJQThoOHp1YVdTeUlsVTJzYXhmVHpPL0tSVEluM2tUUApKbUtkUG1BTnZ4NkVOUUtDQVFFQTdnZlZZTDcra2t1eVN5cDVVQUg4RlB4QTZhZm9jcmhVZnFhdDYrTXdiVEZECnhqZ1psZE55Ri9VTElFdHRnTGhXKzJVOHZ4aXVuWDJGaU1oL0cxaCtoVEY3MzNnM3B3OWtSU0I4OGR6a2VqZHIKcnVSMjFsZWhoNlRFNExsRmdrV25qSUdwS3U5b01rQlRESmdlaGtkNlBocmg0RWFXQkoxSVZ5Z2hha0ZzUXdtUgpYWk9zb0NZakthQ3JwbjFON0NLc2ZtNDVmSVZKNG5sa1hqSEprQlAwdlAzcjNHK05rWktudmgzVFE2ODVPSGdGCkFlQnNzVU9jNUlueXR6QmtqNUFndWVhYTFSQ2kwaDdoU016U05Tb3lQazZzcHEzU0kveVBDVzFGZkw5YzZNVGMKQ1JrU3N1NExMd2g3T1lCT29PeVJhQmsxLzdTUWRSMHpQcERWQmhueldRS0NBUUFTbXVJSlM1SUc4SUFpajVSVQpYWk1JU0JBUDV3Tk5aa3BUMncwMEE2Lzc1dFIwZUp1MUV5SldUQlFMTnZxKzNjbi9rYVRBNHRGQ0JNWWMzZE1kCjJmdERkUjQwaGdtMmR2WXpmR3VCWEpxVFp6N1FkMzhVZFVLZnRPcHhoWDVYN0ZoanY0MEMwRHNHTUgvanJhUkgKR2h0ZnkxYkVpOFJiNVBiWTJkWDZ3c0Vzb0x0M0thVTVEcXRVeWVCSTBCakZub3dzYU9RUE03U2toRytpQ0JsUgpYelBOMWw5SUpLS2JwL2VlbDZyR3FRZGlyUkZPUzlpV0EwMU9yS3lna1VFcHRzc0h2TDhnNkJKMkw1NzVFbWhjCmM4MmFvb0kyS09Pd3pDZVZ2a1crMHVSZEVTVXdvZTJ1WStVbGloSFBSVUdJQnhGL0hHUUs3azNuRzdOM1piODgKRCtWVkFvSUJBSFlqWHkwZ1Bscy94S0wzMXJQMStEWTJLTVdQTjVoUWttYzF0TmFCc05SUkFqRk1RSzZTL21xVApqVTBmQXA5RFhyQnhRNkFZMFBtTGhnNG9iS1dXMjF5aC9iZ2hBNFlmNW9WRXBaNnBJcURpQnNrTHpVdCt2TVlFCjZrNGF4anZzOUVhUlIvUHVWTW0wRVVRTDhBSjNVVjJubS9uakxxdmxvRFRaenhQY21xMysvcTN5RUZoLzlTM0EKOTlDdkdsQ2J1UDhiRjk4TWpHb2lFOFdJY21EVzlyNGlUTURnZ09RQ1pNekFJczNTRnRWSEJEMDFOTjBhRUxHQgpJZnozd01GY0tGSDcrVmJNWmZOaHJqQ2lyNllCWm1SMFNjNkVNT3I1ZThpUytrejY4Vkw1K2JkdVFWQ2JRdU82CkV1YXNIdHBSNzYwNTdnb1doU2dMTVJiWmJWRVU2aWtDZ2dFQkFMbXMyQ2hZZ2NDMWVWK0Y3eDdsL3FOK0J3U3kKaHM2Q1QyZzNFVHR2Z3FzcUVWNUVSeC91bVpxa2xkVkdsVlVmcmxLNmUzZmh1QmROOHlGbElFMVo4Qk1kMGZFMQppM0JpZWhwR3NCKzdHczhOTDYvclJ2WFlsRVY4U0FPaW90WHdoaDdDUnUrdlFrak44ZDdrVk1HaEN4S2szQzNWCnZ5emJqM0ZrZkFDbXRaYlhvRG5mZkRiSXJOWjJ6SHoxazhiV0s2Tlc5dlp2N2U4WEFIV3JYM3hJVGJ2OEZtRzkKanQwTEpDcWVNYkFyK2hCeFUxdUdRVXRaV0ZnTE9Mb3dQOEdFc2I1L0c5QW9KbFZFYkoza1ZjcmJWd3RqVUQwLwprb0RiSnJFYnJuMk5wQ1RLMjR6SU1CZXZiL2d0a2ZoWWtVckVkNmFySVFmNWFBQkNqNUVDMDR5MExtYz0KLS0tLS1FTkQgUlNBIFBSSVZBVEUgS0VZLS0tLS0K\n    token: mcloqykzm0j3bofdeaol3vqgemevitdv2mmb8f43zgsmgzxauu42xmkeo66nyy6tij5kciyy4ib691l1ddpd2awwbvolpjbktco42qk4rf6hqolexmshw5h6sb7zmw4n\n",
            "kube_config": [],
            "kube_config_raw": "apiVersion: v1\nclusters:\n- cluster:\n    certificate-authority-data: LS0tLS1CRUdJTiBDRVJUSUZJQ0FURS0tLS0tCk1JSUU2RENDQXRDZ0F3SUJBZ0lRRUV0aGhuRDVXenVNR1FlOE1yL2lvREFOQmdrcWhraUc5dzBCQVFzRkFEQU4KTVFzd0NRWURWUVFERXdKallUQWdGdzB5TXpFeU1Ua3hPREk0TXpCYUdBOHlNRFV6TVRJeE9URTRNemd6TUZvdwpEVEVMTUFrR0ExVUVBeE1DWTJFd2dnSWlNQTBHQ1NxR1NJYjNEUUVCQVFVQUE0SUNEd0F3Z2dJS0FvSUNBUURlCmZIc3MrbTBtZllqYlJ0TVAvZW1pSXV4TGJZdWlVcUlmYmZXWTY3dWpITGlmRzdUVUF6UHZuNVZwb2pxM3FzMDMKUTU5T1hQY09KVFZ2ODJoOGc2TitnKzNrOWhOeHRrYTVEdlNKWGRlbWZPUExyQmZlLzNZekk4VUpnaVdXRHEwVQptYlFleVhNMWtDV1MzU3hYOFlTUUFwQkJiL24xbFBiQ0FlMzBXUktMNU9DUUlia2VLeU9SZU5rS0g3QzJtamxGCk9UY0dYeHRZOHlLdUpSZXpJMjZIWjI2elk5bCs1b2ZreHI2cWs5WGlIMkxUVm45bklIUTgxNWcyTzhYOGVIWFIKVmRSVk1ETndVRDJIa2dPOGcycld1RnJmY0hxdlUwSlZUUzJ4WFJUWitxTHJ6YlFDaERmZzVxSkhHRzFwaks2VgovR2FNSUJZdzMwNzZMbnpZRlA4MWVvRVY4RXBKWTVOaHBOTjFKVjhPYzU0ckdBVk9oeDNQSmwyMWlrOFV3NjFtCkJpRktwVVAvMkN4QnBXaDBOZXNWdmVNdkJhem1oOWF3NHk0R1JOZTJLRUo2cVpKcldSdmJ4TTZEbFlWc0xiWmUKWXdpdzV5cFEvV3d6bmJQbWpNbmIxcDdKTnhlMElIbXZMa05vUjg2eisrMVNqVjNtWEtaQ01PNlg3Y3oyZ05FOAorTGVYaWt6cnZxV0dFTWlhdkR2TW9tUHoyS08vTkRKU0dwOThmM0VyN2lVeHlpSnFLQWFYU3hSNnJteS9MZEFHCjljZ3g1UEdtL3kxT3l0ZHl2dmE3eGY2eUdQc0RNQjFCa0szZjNCdnNsLzA5cGpGTUtNVHNKYjFBbkwveVF6Q1cKaDNOSFBWREhZcUxUWFR3VkZjK1pDSHBYYWpMZWtwZk5vZWxra25zN0pRSURBUUFCbzBJd1FEQU9CZ05WSFE4QgpBZjhFQkFNQ0FxUXdEd1lEVlIwVEFRSC9CQVV3QXdFQi96QWRCZ05WSFE0RUZnUVVSODlDcWdwL3JlRUswWVRTCm5lZ2ZQUy9ZbHZzd0RRWUpLb1pJaHZjTkFRRUxCUUFEZ2dJQkFNRUh5STlRQS91bGZ3WXc0RVFWbEYwcVRBTUkKajBsL3o2anl4RlI0alI3UVJnRTZHL0NpRE9oWTZiV2Fsd0IwbnVzdkI3WVk0MzEyOUtmbEJzYjZVck02VW84eQpiWWw3WnFTWW9nMG8zWXNuY05mTjRaZVV6TkRRbndmSTZhbXZhN0tHallISG5qRGc4V3lBTHVQaFAyYkJVY1NnCjMwSUlRSmlwNlQ4WkcvVXdZRm0zWFVGdFhhemlFcGlWRURLYmhIVGtIb3dDZ2JKM256RW0vUmVlN0JyRWNHNkIKOXE4ci9JaUV5aUtNaWk0bEdYQVBwRGZucUtyRmNXWFlSUTFmTlBwUXduV2w4cWpPWUNtNDZzNWVPOHpRWEJXYQp6Tld6L3A3bEpPVGFFNDAwTlZaeVVvUlkybmxJZDYrd05VeG1VN3FPMzExYzFUSmprZUljeGZOK3Vmb2JaM0x3CjhFYUJLKzFVQUUyak83eHlyQ3JkZjJHNHgxWkNMZnNNOCswZy9jRVFpSmFueWZXaHNaZ1dSblJSVUxKeHRRa0sKWDdVU0x4SWJTMzlaak8zc0R6YXg2emNJLzU2aWViSEVEVllpOWZoZzhJUE04MEd1UTBQckNJZWE5dXhRa1VxTgowS3NGay8rNXdnd2E0cW5VYnU1T3FPMk9jZjFZVkN5RDZ0dERYRFVvYXFwRklIWlZ5RTA2UjZiWGZIdlBHN0laCnVZTVhpY1RoVmZOQ3F5V2tEaUR2a1hSbzNSRVd5b0ZIYzNPNDJZNGpGLy9QNUxSVTdyRlpJcVdDc0VqU0hzY3kKak8weEIwSnZyU0dGRklhWFFVL3BwbW1jVkQ4TThZRTlURGhpazZrNkVrRWFJNHR5VW85Y2tSd3B5Z0VZcWpxVwpOWmFqaEthdTB2SjBGMFhtCi0tLS0tRU5EIENFUlRJRklDQVRFLS0tLS0K\n    server: https://jxgct-paysayhost-lhp6ksdq.hcp.centralindia.azmk8s.io:443\n  name: gct-paysay\ncontexts:\n- context:\n    cluster: gct-paysay\n    user: clusterUser_rg-cluster-gct-paysay_gct-paysay\n  name: gct-paysay\ncurrent-context: gct-paysay\nkind: Config\npreferences: {}\nusers:\n- name: clusterUser_rg-cluster-gct-paysay_gct-paysay\n  user:\n    exec:\n      apiVersion: client.authentication.k8s.io/v1beta1\n      args:\n      - get-token\n      - --environment\n      - AzurePublicCloud\n      - --server-id\n      - 6dae42f8-4368-4678-94ff-3960e28e3630\n      - --client-id\n      - 80faf920-1908-4b52-b5ef-a8e7bedfc67a\n      - --tenant-id\n      - 09953566-9af5-4e84-afe6-974a5fc25d4b\n      - --login\n      - devicecode\n      command: kubelogin\n      env: null\n      installHint: |2\n\n        kubelogin is not installed which is required to connect to AAD enabled cluster.\n\n        To learn more, please go to https://aka.ms/aks/kubelogin\n      provideClusterInfo: false\n",
            "kubelet_identity": [
              {
                "client_id": "e19345f4-6c9b-4878-a11a-6e49631818ba",
                "object_id": "92287bb0-6841-42be-a206-8cb01200d691",
                "user_assigned_identity_id": "/subscriptions/e329e26a-2480-4b97-b60e-e40d67de7878/resourceGroups/rg-cluster-node-gct-paysay/providers/Microsoft.ManagedIdentity/userAssignedIdentities/gct-paysay-agentpool"
              }
            ],
            "kubernetes_version": "1.26.6",
            "linux_profile": [],
            "location": "centralindia",
            "name": "gct-paysay",
            "network_profile": [
              {
                "dns_service_ip": "10.0.0.10",
                "docker_bridge_cidr": "172.17.0.1/16",
                "load_balancer_profile": [
                  {
                    "effective_outbound_ips": [
                      "/subscriptions/e329e26a-2480-4b97-b60e-e40d67de7878/resourceGroups/rg-cluster-node-gct-paysay/providers/Microsoft.Network/publicIPAddresses/46dbbe87-c08a-4f1e-9f59-4ea072276afb"
                    ],
                    "idle_timeout_in_minutes": 0,
                    "managed_outbound_ip_count": 1,
                    "outbound_ip_address_ids": [],
                    "outbound_ip_prefix_ids": [],
                    "outbound_ports_allocated": 0
                  }
                ],
                "load_balancer_sku": "Standard",
                "network_mode": "",
                "network_plugin": "kubenet",
                "network_policy": "",
                "outbound_type": "loadBalancer",
                "pod_cidr": "10.244.0.0/16",
                "service_cidr": "10.0.0.0/16"
              }
            ],
            "node_resource_group": "rg-cluster-node-gct-paysay",
            "private_cluster_enabled": false,
            "private_dns_zone_id": "",
            "private_fqdn": "",
            "private_link_enabled": false,
            "resource_group_name": "rg-cluster-gct-paysay",
            "role_based_access_control": [
              {
                "azure_active_directory": [
                  {
                    "admin_group_object_ids": [],
                    "azure_rbac_enabled": false,
                    "client_app_id": "",
                    "managed": true,
                    "server_app_id": "",
                    "server_app_secret": "",
                    "tenant_id": "09953566-9af5-4e84-afe6-974a5fc25d4b"
                  }
                ],
                "enabled": true
              }
            ],
            "service_principal": [],
            "sku_tier": "Paid",
            "tags": {},
            "timeouts": null,
            "windows_profile": []
          },
          "sensitive_attributes": [],
          "private": "eyJlMmJmYjczMC1lY2FhLTExZTYtOGY4OC0zNDM2M2JjN2M0YzAiOnsiY3JlYXRlIjo1NDAwMDAwMDAwMDAwLCJkZWxldGUiOjU0MDAwMDAwMDAwMDAsInJlYWQiOjMwMDAwMDAwMDAwMCwidXBkYXRlIjo1NDAwMDAwMDAwMDAwfX0=",
          "dependencies": [
            "module.cluster.azurerm_resource_group.cluster",
            "module.cluster.azurerm_resource_group.network",
            "module.cluster.module.cluster.azurerm_log_analytics_workspace.cluster",
            "module.cluster.module.vnet.azurerm_subnet.cluster_subnet",
            "module.cluster.module.vnet.azurerm_virtual_network.cluster",
            "random_pet.name"
          ]
        }
      ]
    },
    {
      "module": "module.cluster.module.cluster",
      "mode": "managed",
      "type": "azurerm_log_analytics_workspace",
      "name": "cluster",
      "provider": "provider[\"registry.terraform.io/hashicorp/azurerm\"]",
      "instances": []
    },
    {
      "module": "module.cluster.module.vnet",
      "mode": "managed",
      "type": "azurerm_subnet",
      "name": "cluster_subnet",
      "provider": "provider[\"registry.terraform.io/hashicorp/azurerm\"]",
      "instances": [
        {
          "schema_version": 0,
          "attributes": {
            "address_prefix": "10.8.0.0/24",
            "address_prefixes": [
              "10.8.0.0/24"
            ],
            "delegation": [],
            "enforce_private_link_endpoint_network_policies": false,
            "enforce_private_link_service_network_policies": false,
            "id": "/subscriptions/e329e26a-2480-4b97-b60e-e40d67de7878/resourceGroups/rg-net-gct-paysay/providers/Microsoft.Network/virtualNetworks/gct-paysay/subnets/gct-paysay",
            "name": "gct-paysay",
            "resource_group_name": "rg-net-gct-paysay",
            "service_endpoint_policy_ids": [],
            "service_endpoints": [],
            "timeouts": null,
            "virtual_network_name": "gct-paysay"
          },
          "sensitive_attributes": [],
          "private": "eyJlMmJmYjczMC1lY2FhLTExZTYtOGY4OC0zNDM2M2JjN2M0YzAiOnsiY3JlYXRlIjoxODAwMDAwMDAwMDAwLCJkZWxldGUiOjE4MDAwMDAwMDAwMDAsInJlYWQiOjMwMDAwMDAwMDAwMCwidXBkYXRlIjoxODAwMDAwMDAwMDAwfX0=",
          "dependencies": [
            "module.cluster.azurerm_resource_group.network",
            "module.cluster.module.vnet.azurerm_virtual_network.cluster",
            "random_pet.name"
          ]
        }
      ]
    },
    {
      "module": "module.cluster.module.vnet",
      "mode": "managed",
      "type": "azurerm_virtual_network",
      "name": "cluster",
      "provider": "provider[\"registry.terraform.io/hashicorp/azurerm\"]",
      "instances": [
        {
          "schema_version": 0,
          "attributes": {
            "address_space": [
              "10.8.0.0/16"
            ],
            "bgp_community": "",
            "ddos_protection_plan": [],
            "dns_servers": [],
            "guid": "51152595-f152-474d-9fe0-fce8ae1b5b88",
            "id": "/subscriptions/e329e26a-2480-4b97-b60e-e40d67de7878/resourceGroups/rg-net-gct-paysay/providers/Microsoft.Network/virtualNetworks/gct-paysay",
            "location": "centralindia",
            "name": "gct-paysay",
            "resource_group_name": "rg-net-gct-paysay",
            "subnet": [
              {
                "address_prefix": "10.8.0.0/24",
                "id": "/subscriptions/e329e26a-2480-4b97-b60e-e40d67de7878/resourceGroups/rg-net-gct-paysay/providers/Microsoft.Network/virtualNetworks/gct-paysay/subnets/gct-paysay",
                "name": "gct-paysay",
                "security_group": ""
              }
            ],
            "tags": {},
            "timeouts": null,
            "vm_protection_enabled": false
          },
          "sensitive_attributes": [],
          "private": "eyJlMmJmYjczMC1lY2FhLTExZTYtOGY4OC0zNDM2M2JjN2M0YzAiOnsiY3JlYXRlIjoxODAwMDAwMDAwMDAwLCJkZWxldGUiOjE4MDAwMDAwMDAwMDAsInJlYWQiOjMwMDAwMDAwMDAwMCwidXBkYXRlIjoxODAwMDAwMDAwMDAwfX0=",
          "dependencies": [
            "module.cluster.azurerm_resource_group.network",
            "random_pet.name"
          ]
        }
      ]
    },
    {
      "module": "module.dns",
      "mode": "data",
      "type": "azurerm_dns_zone",
      "name": "apex_domain_zone",
      "provider": "provider[\"registry.terraform.io/hashicorp/azurerm\"]",
      "instances": [
        {
          "index_key": 0,
          "schema_version": 0,
          "attributes": {
            "id": "/subscriptions/e329e26a-2480-4b97-b60e-e40d67de7878/resourceGroups/GCTFinserv/providers/Microsoft.Network/dnszones/paysay.in",
            "max_number_of_record_sets": 10000,
            "name": "paysay.in",
            "name_servers": [
              "ns1-35.azure-dns.com.",
              "ns2-35.azure-dns.net.",
              "ns3-35.azure-dns.org.",
              "ns4-35.azure-dns.info."
            ],
            "number_of_record_sets": 19,
            "resource_group_name": "GCTFinserv",
            "tags": {},
            "timeouts": null
          },
          "sensitive_attributes": []
        }
      ]
    },
    {
      "module": "module.dns",
      "mode": "data",
      "type": "azurerm_resource_group",
      "name": "apex_resource_group",
      "provider": "provider[\"registry.terraform.io/hashicorp/azurerm\"]",
      "instances": [
        {
          "index_key": 0,
          "schema_version": 0,
          "attributes": {
            "id": "/subscriptions/e329e26a-2480-4b97-b60e-e40d67de7878/resourceGroups/GCTFinserv",
            "location": "centralindia",
            "name": "GCTFinserv",
            "tags": {},
            "timeouts": null
          },
          "sensitive_attributes": []
        }
      ]
    },
    {
      "module": "module.dns",
      "mode": "data",
      "type": "azurerm_subscription",
      "name": "current",
      "provider": "provider[\"registry.terraform.io/hashicorp/azurerm\"]",
      "instances": [
        {
          "schema_version": 0,
          "attributes": {
            "display_name": "Microsoft Azure Sponsorship",
            "id": "/subscriptions/e329e26a-2480-4b97-b60e-e40d67de7878",
            "location_placement_id": "PublicAndIndia_2015-09-01",
            "quota_id": "Sponsored_2016-01-01",
            "spending_limit": "Off",
            "state": "Enabled",
            "subscription_id": "e329e26a-2480-4b97-b60e-e40d67de7878",
            "tags": {},
            "tenant_id": "09953566-9af5-4e84-afe6-974a5fc25d4b",
            "timeouts": null
          },
          "sensitive_attributes": []
        }
      ]
    },
    {
      "module": "module.dns",
      "mode": "managed",
      "type": "azurerm_resource_group",
      "name": "dns",
      "provider": "provider[\"registry.terraform.io/hashicorp/azurerm\"]",
      "instances": []
    },
    {
      "module": "module.dns",
      "mode": "managed",
      "type": "azurerm_role_assignment",
      "name": "Give_ExternalDNS_SP_Contributor_Access_to_ResourceGroup_to_Apex",
      "provider": "provider[\"registry.terraform.io/hashicorp/azurerm\"]",
      "instances": [
        {
          "index_key": 0,
          "schema_version": 0,
          "attributes": {
            "condition": "",
            "condition_version": "",
            "description": "",
            "id": "/subscriptions/e329e26a-2480-4b97-b60e-e40d67de7878/resourceGroups/GCTFinserv/providers/Microsoft.Authorization/roleAssignments/8c8f15cc-7c94-b7ef-93c7-f7e3e6d09677",
            "name": "8c8f15cc-7c94-b7ef-93c7-f7e3e6d09677",
            "principal_id": "92287bb0-6841-42be-a206-8cb01200d691",
            "principal_type": "ServicePrincipal",
            "role_definition_id": "/subscriptions/e329e26a-2480-4b97-b60e-e40d67de7878/providers/Microsoft.Authorization/roleDefinitions/befefa01-2a29-4197-83a8-272ff33ce314",
            "role_definition_name": "DNS Zone Contributor",
            "scope": "/subscriptions/e329e26a-2480-4b97-b60e-e40d67de7878/resourceGroups/GCTFinserv",
            "skip_service_principal_aad_check": null,
            "timeouts": null
          },
          "sensitive_attributes": [],
          "private": "eyJlMmJmYjczMC1lY2FhLTExZTYtOGY4OC0zNDM2M2JjN2M0YzAiOnsiY3JlYXRlIjoxODAwMDAwMDAwMDAwLCJkZWxldGUiOjE4MDAwMDAwMDAwMDAsInJlYWQiOjMwMDAwMDAwMDAwMCwidXBkYXRlIjoxODAwMDAwMDAwMDAwfX0=",
          "dependencies": [
            "module.cluster.azurerm_resource_group.cluster",
            "module.cluster.azurerm_resource_group.network",
            "module.cluster.module.cluster.azurerm_kubernetes_cluster.aks",
            "module.cluster.module.cluster.azurerm_log_analytics_workspace.cluster",
            "module.cluster.module.vnet.azurerm_subnet.cluster_subnet",
            "module.cluster.module.vnet.azurerm_virtual_network.cluster",
            "module.dns.data.azurerm_resource_group.apex_resource_group",
            "random_pet.name"
          ]
        }
      ]
    },
    {
      "module": "module.jx-boot",
      "mode": "managed",
      "type": "helm_release",
      "name": "jx-git-operator",
      "provider": "provider[\"registry.terraform.io/hashicorp/helm\"]",
      "instances": [
        {
          "schema_version": 1,
          "attributes": {
            "atomic": false,
            "chart": "jx-git-operator",
            "cleanup_on_fail": false,
            "create_namespace": true,
            "dependency_update": false,
            "description": null,
            "devel": null,
            "disable_crd_hooks": false,
            "disable_openapi_validation": false,
            "disable_webhooks": false,
            "force_update": false,
            "id": "jx-git-operator",
            "keyring": null,
            "lint": false,
            "manifest": null,
            "max_history": 0,
            "metadata": [
              {
                "app_version": "0.0.88",
                "chart": "jx-git-operator",
                "name": "jx-git-operator",
                "namespace": "jx-git-operator",
                "revision": 1,
                "values": "{\"bootServiceAccount\":{\"enabled\":true},\"env\":{\"NO_RESOURCE_APPLY\":true},\"jxBootJobEnvVarSecrets\":{\"AZURE_SUBSCRIPTION_ID\":\"(sensitive value)\",\"AZURE_TENANT_ID\":\"(sensitive value)\"},\"password\":\"(sensitive value)\",\"url\":\"https://github.com/greencapitaltrade/mcu\",\"username\":\"gct-bot\"}",
                "version": "0.1.7"
              }
            ],
            "name": "jx-git-operator",
            "namespace": "jx-git-operator",
            "pass_credentials": false,
            "postrender": [],
            "recreate_pods": false,
            "render_subchart_notes": true,
            "replace": false,
            "repository": "https://jenkins-x-charts.github.io/repo",
            "repository_ca_file": null,
            "repository_cert_file": null,
            "repository_key_file": null,
            "repository_password": null,
            "repository_username": null,
            "reset_values": false,
            "reuse_values": false,
            "set": [
              {
                "name": "bootServiceAccount.enabled",
                "type": "",
                "value": "true"
              },
              {
                "name": "env.NO_RESOURCE_APPLY",
                "type": "",
                "value": "true"
              },
              {
                "name": "url",
                "type": "",
                "value": "https://github.com/greencapitaltrade/mcu"
              },
              {
                "name": "username",
                "type": "",
                "value": "gct-bot"
              }
            ],
            "set_list": [],
            "set_sensitive": [
              {
                "name": "jxBootJobEnvVarSecrets.AZURE_SUBSCRIPTION_ID",
                "type": "",
                "value": "e329e26a-2480-4b97-b60e-e40d67de7878"
              },
              {
                "name": "jxBootJobEnvVarSecrets.AZURE_TENANT_ID",
                "type": "",
                "value": "09953566-9af5-4e84-afe6-974a5fc25d4b"
              },
              {
                "name": "password",
                "type": "",
                "value": "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"
              }
            ],
            "skip_crds": false,
            "status": "deployed",
            "timeout": 300,
            "values": null,
            "verify": false,
            "version": "0.1.7",
            "wait": true,
            "wait_for_jobs": false
          },
          "sensitive_attributes": [],
          "private": "eyJzY2hlbWFfdmVyc2lvbiI6IjEifQ==",
          "dependencies": [
            "module.cluster.azurerm_resource_group.cluster",
            "module.cluster.azurerm_resource_group.network",
            "module.cluster.data.azurerm_subscription.current",
            "module.cluster.module.cluster.azurerm_kubernetes_cluster.aks",
            "module.cluster.module.cluster.azurerm_kubernetes_cluster_node_pool.buildnode",
            "module.cluster.module.cluster.azurerm_kubernetes_cluster_node_pool.mlnode",
            "module.cluster.module.cluster.azurerm_log_analytics_workspace.cluster",
            "module.cluster.module.vnet.azurerm_subnet.cluster_subnet",
            "module.cluster.module.vnet.azurerm_virtual_network.cluster",
            "module.secrets.azurerm_key_vault.jx",
            "module.secrets.azurerm_resource_group.key_vault",
            "module.secrets.data.azurerm_subscription.current",
            "random_pet.name"
          ]
        }
      ]
    },
    {
      "module": "module.jx-boot",
      "mode": "managed",
      "type": "helm_release",
      "name": "vault-instance",
      "provider": "provider[\"registry.terraform.io/hashicorp/helm\"]",
      "instances": []
    },
    {
      "module": "module.registry",
      "mode": "data",
      "type": "azurerm_container_registry",
      "name": "acr_existing",
      "provider": "provider[\"registry.terraform.io/hashicorp/azurerm\"]",
      "instances": []
    },
    {
      "module": "module.registry",
      "mode": "managed",
      "type": "azurerm_container_registry",
      "name": "acr",
      "provider": "provider[\"registry.terraform.io/hashicorp/azurerm\"]",
      "instances": [
        {
          "index_key": 0,
          "schema_version": 2,
          "attributes": {
            "admin_enabled": true,
            "admin_password": "x1kjqhxzS6NrnttU/HBrwQ4hkSMzEOYcAC7mYq/u+M+ACRBSciAh",
            "admin_username": "gctpaysay",
            "encryption": [
              {
                "enabled": false,
                "identity_client_id": "",
                "key_vault_key_id": ""
              }
            ],
            "georeplication_locations": [],
            "georeplications": [],
            "id": "/subscriptions/e329e26a-2480-4b97-b60e-e40d67de7878/resourceGroups/rg-registry-gct-paysay/providers/Microsoft.ContainerRegistry/registries/gctpaysay",
            "identity": [],
            "location": "centralindia",
            "login_server": "gctpaysay.azurecr.io",
            "name": "gctpaysay",
            "network_rule_set": [],
            "public_network_access_enabled": true,
            "quarantine_policy_enabled": false,
            "resource_group_name": "rg-registry-gct-paysay",
            "retention_policy": [
              {
                "days": 7,
                "enabled": false
              }
            ],
            "sku": "Basic",
            "storage_account_id": null,
            "tags": {},
            "timeouts": null,
            "trust_policy": [
              {
                "enabled": false
              }
            ]
          },
          "sensitive_attributes": [],
          "private": "eyJlMmJmYjczMC1lY2FhLTExZTYtOGY4OC0zNDM2M2JjN2M0YzAiOnsiY3JlYXRlIjoxODAwMDAwMDAwMDAwLCJkZWxldGUiOjE4MDAwMDAwMDAwMDAsInJlYWQiOjMwMDAwMDAwMDAwMCwidXBkYXRlIjoxODAwMDAwMDAwMDAwfSwic2NoZW1hX3ZlcnNpb24iOiIyIn0=",
          "dependencies": [
            "module.registry.azurerm_resource_group.acr",
            "random_pet.name"
          ]
        }
      ]
    },
    {
      "module": "module.registry",
      "mode": "managed",
      "type": "azurerm_resource_group",
      "name": "acr",
      "provider": "provider[\"registry.terraform.io/hashicorp/azurerm\"]",
      "instances": [
        {
          "index_key": 0,
          "schema_version": 0,
          "attributes": {
            "id": "/subscriptions/e329e26a-2480-4b97-b60e-e40d67de7878/resourceGroups/rg-registry-gct-paysay",
            "location": "centralindia",
            "name": "rg-registry-gct-paysay",
            "tags": {},
            "timeouts": null
          },
          "sensitive_attributes": [],
          "private": "eyJlMmJmYjczMC1lY2FhLTExZTYtOGY4OC0zNDM2M2JjN2M0YzAiOnsiY3JlYXRlIjo1NDAwMDAwMDAwMDAwLCJkZWxldGUiOjU0MDAwMDAwMDAwMDAsInJlYWQiOjMwMDAwMDAwMDAwMCwidXBkYXRlIjo1NDAwMDAwMDAwMDAwfX0=",
          "dependencies": [
            "random_pet.name"
          ]
        }
      ]
    },
    {
      "module": "module.registry",
      "mode": "managed",
      "type": "azurerm_role_assignment",
      "name": "acrpull",
      "provider": "provider[\"registry.terraform.io/hashicorp/azurerm\"]",
      "instances": [
        {
          "schema_version": 0,
          "attributes": {
            "condition": "",
            "condition_version": "",
            "description": "",
            "id": "/subscriptions/e329e26a-2480-4b97-b60e-e40d67de7878/resourceGroups/rg-registry-gct-paysay/providers/Microsoft.ContainerRegistry/registries/gctpaysay/providers/Microsoft.Authorization/roleAssignments/1a48f87c-04b2-df68-3e87-06e693081348",
            "name": "1a48f87c-04b2-df68-3e87-06e693081348",
            "principal_id": "92287bb0-6841-42be-a206-8cb01200d691",
            "principal_type": "ServicePrincipal",
            "role_definition_id": "/subscriptions/e329e26a-2480-4b97-b60e-e40d67de7878/providers/Microsoft.Authorization/roleDefinitions/7f951dda-4ed3-4680-a7ca-43fe172d538d",
            "role_definition_name": "AcrPull",
            "scope": "/subscriptions/e329e26a-2480-4b97-b60e-e40d67de7878/resourceGroups/rg-registry-gct-paysay/providers/Microsoft.ContainerRegistry/registries/gctpaysay",
            "skip_service_principal_aad_check": null,
            "timeouts": null
          },
          "sensitive_attributes": [],
          "private": "eyJlMmJmYjczMC1lY2FhLTExZTYtOGY4OC0zNDM2M2JjN2M0YzAiOnsiY3JlYXRlIjoxODAwMDAwMDAwMDAwLCJkZWxldGUiOjE4MDAwMDAwMDAwMDAsInJlYWQiOjMwMDAwMDAwMDAwMCwidXBkYXRlIjoxODAwMDAwMDAwMDAwfX0=",
          "dependencies": [
            "module.cluster.azurerm_resource_group.cluster",
            "module.cluster.azurerm_resource_group.network",
            "module.cluster.module.cluster.azurerm_kubernetes_cluster.aks",
            "module.cluster.module.cluster.azurerm_log_analytics_workspace.cluster",
            "module.cluster.module.vnet.azurerm_subnet.cluster_subnet",
            "module.cluster.module.vnet.azurerm_virtual_network.cluster",
            "module.registry.azurerm_container_registry.acr",
            "module.registry.azurerm_resource_group.acr",
            "module.registry.data.azurerm_container_registry.acr_existing",
            "random_pet.name"
          ]
        }
      ]
    },
    {
      "module": "module.registry",
      "mode": "managed",
      "type": "azurerm_role_assignment",
      "name": "acrpush",
      "provider": "provider[\"registry.terraform.io/hashicorp/azurerm\"]",
      "instances": [
        {
          "schema_version": 0,
          "attributes": {
            "condition": "",
            "condition_version": "",
            "description": "",
            "id": "/subscriptions/e329e26a-2480-4b97-b60e-e40d67de7878/resourceGroups/rg-registry-gct-paysay/providers/Microsoft.ContainerRegistry/registries/gctpaysay/providers/Microsoft.Authorization/roleAssignments/7d25964c-ef88-893a-92a5-31ce43dd45c8",
            "name": "7d25964c-ef88-893a-92a5-31ce43dd45c8",
            "principal_id": "92287bb0-6841-42be-a206-8cb01200d691",
            "principal_type": "ServicePrincipal",
            "role_definition_id": "/subscriptions/e329e26a-2480-4b97-b60e-e40d67de7878/providers/Microsoft.Authorization/roleDefinitions/8311e382-0749-4cb8-b61a-304f252e45ec",
            "role_definition_name": "AcrPush",
            "scope": "/subscriptions/e329e26a-2480-4b97-b60e-e40d67de7878/resourceGroups/rg-registry-gct-paysay/providers/Microsoft.ContainerRegistry/registries/gctpaysay",
            "skip_service_principal_aad_check": null,
            "timeouts": null
          },
          "sensitive_attributes": [],
          "private": "eyJlMmJmYjczMC1lY2FhLTExZTYtOGY4OC0zNDM2M2JjN2M0YzAiOnsiY3JlYXRlIjoxODAwMDAwMDAwMDAwLCJkZWxldGUiOjE4MDAwMDAwMDAwMDAsInJlYWQiOjMwMDAwMDAwMDAwMCwidXBkYXRlIjoxODAwMDAwMDAwMDAwfX0=",
          "dependencies": [
            "module.cluster.azurerm_resource_group.cluster",
            "module.cluster.azurerm_resource_group.network",
            "module.cluster.module.cluster.azurerm_kubernetes_cluster.aks",
            "module.cluster.module.cluster.azurerm_log_analytics_workspace.cluster",
            "module.cluster.module.vnet.azurerm_subnet.cluster_subnet",
            "module.cluster.module.vnet.azurerm_virtual_network.cluster",
            "module.registry.azurerm_container_registry.acr",
            "module.registry.azurerm_resource_group.acr",
            "module.registry.data.azurerm_container_registry.acr_existing",
            "random_pet.name"
          ]
        }
      ]
    },
    {
      "module": "module.secrets",
      "mode": "data",
      "type": "azuread_client_config",
      "name": "current",
      "provider": "provider[\"registry.terraform.io/hashicorp/azuread\"]",
      "instances": [
        {
          "schema_version": 0,
          "attributes": {
            "client_id": "eac28317-21e4-4f70-bbcd-f590f93a6b34",
            "id": "09953566-9af5-4e84-afe6-974a5fc25d4b-eac28317-21e4-4f70-bbcd-f590f93a6b34-fbd38c4e-bb26-462e-9a58-28eac2a9dbf2",
            "object_id": "fbd38c4e-bb26-462e-9a58-28eac2a9dbf2",
            "tenant_id": "09953566-9af5-4e84-afe6-974a5fc25d4b",
            "timeouts": null
          },
          "sensitive_attributes": []
        }
      ]
    },
    {
      "module": "module.secrets",
      "mode": "data",
      "type": "azurerm_subscription",
      "name": "current",
      "provider": "provider[\"registry.terraform.io/hashicorp/azurerm\"]",
      "instances": [
        {
          "schema_version": 0,
          "attributes": {
            "display_name": "Microsoft Azure Sponsorship",
            "id": "/subscriptions/e329e26a-2480-4b97-b60e-e40d67de7878",
            "location_placement_id": "PublicAndIndia_2015-09-01",
            "quota_id": "Sponsored_2016-01-01",
            "spending_limit": "Off",
            "state": "Enabled",
            "subscription_id": "e329e26a-2480-4b97-b60e-e40d67de7878",
            "tags": {},
            "tenant_id": "09953566-9af5-4e84-afe6-974a5fc25d4b",
            "timeouts": null
          },
          "sensitive_attributes": []
        }
      ]
    },
    {
      "module": "module.secrets",
      "mode": "managed",
      "type": "azurerm_key_vault",
      "name": "jx",
      "provider": "provider[\"registry.terraform.io/hashicorp/azurerm\"]",
      "instances": [
        {
          "index_key": 0,
          "schema_version": 2,
          "attributes": {
            "access_policy": [
              {
                "application_id": "",
                "certificate_permissions": [
                  "Get",
                  "List",
                  "Update",
                  "Create",
                  "Import",
                  "Delete",
                  "Recover",
                  "Backup",
                  "Restore",
                  "ManageContacts",
                  "ManageIssuers",
                  "GetIssuers",
                  "ListIssuers",
                  "SetIssuers",
                  "DeleteIssuers"
                ],
                "key_permissions": [
                  "Get",
                  "List",
                  "Update",
                  "Create",
                  "Import",
                  "Delete",
                  "Recover",
                  "Backup",
                  "Restore",
                  "GetRotationPolicy",
                  "SetRotationPolicy",
                  "Rotate",
                  "Encrypt",
                  "Decrypt",
                  "UnwrapKey",
                  "WrapKey",
                  "Verify",
                  "Sign",
                  "Purge",
                  "Release"
                ],
                "object_id": "6b1505f5-f5f1-4a5d-897f-7bd179e48b84",
                "secret_permissions": [
                  "Get",
                  "Set",
                  "Delete",
                  "List",
                  "Recover",
                  "Backup",
                  "Restore",
                  "Purge"
                ],
                "storage_permissions": [],
                "tenant_id": "09953566-9af5-4e84-afe6-974a5fc25d4b"
              },
              {
                "application_id": "",
                "certificate_permissions": [],
                "key_permissions": [],
                "object_id": "faa791ee-223d-4591-b905-1f2142a272f6",
                "secret_permissions": [
                  "Get",
                  "Set",
                  "Delete"
                ],
                "storage_permissions": [],
                "tenant_id": "09953566-9af5-4e84-afe6-974a5fc25d4b"
              },
              {
                "application_id": "",
                "certificate_permissions": [],
                "key_permissions": [],
                "object_id": "fbd38c4e-bb26-462e-9a58-28eac2a9dbf2",
                "secret_permissions": [
                  "Get",
                  "Set",
                  "Delete"
                ],
                "storage_permissions": [],
                "tenant_id": "09953566-9af5-4e84-afe6-974a5fc25d4b"
              },
              {
                "application_id": "",
                "certificate_permissions": [],
                "key_permissions": [],
                "object_id": "92287bb0-6841-42be-a206-8cb01200d691",
                "secret_permissions": [
                  "Get",
                  "Set",
                  "Delete"
                ],
                "storage_permissions": [],
                "tenant_id": "09953566-9af5-4e84-afe6-974a5fc25d4b"
              }
            ],
            "contact": [],
            "enable_rbac_authorization": false,
            "enabled_for_deployment": false,
            "enabled_for_disk_encryption": false,
            "enabled_for_template_deployment": false,
            "id": "/subscriptions/e329e26a-2480-4b97-b60e-e40d67de7878/resourceGroups/rg-keyvault-gct-paysay/providers/Microsoft.KeyVault/vaults/gct-paysay",
            "location": "centralindia",
            "name": "gct-paysay",
            "network_acls": [
              {
                "bypass": "AzureServices",
                "default_action": "Allow",
                "ip_rules": [],
                "virtual_network_subnet_ids": []
              }
            ],
            "purge_protection_enabled": false,
            "resource_group_name": "rg-keyvault-gct-paysay",
            "sku_name": "standard",
            "soft_delete_enabled": true,
            "soft_delete_retention_days": 90,
            "tags": {},
            "tenant_id": "09953566-9af5-4e84-afe6-974a5fc25d4b",
            "timeouts": null,
            "vault_uri": "https://gct-paysay.vault.azure.net/"
          },
          "sensitive_attributes": [],
          "private": "eyJlMmJmYjczMC1lY2FhLTExZTYtOGY4OC0zNDM2M2JjN2M0YzAiOnsiY3JlYXRlIjoxODAwMDAwMDAwMDAwLCJkZWxldGUiOjE4MDAwMDAwMDAwMDAsInJlYWQiOjMwMDAwMDAwMDAwMCwidXBkYXRlIjoxODAwMDAwMDAwMDAwfSwic2NoZW1hX3ZlcnNpb24iOiIyIn0=",
          "dependencies": [
            "module.secrets.azurerm_resource_group.key_vault",
            "module.secrets.data.azurerm_subscription.current",
            "random_pet.name"
          ]
        }
      ]
    },
    {
      "module": "module.secrets",
      "mode": "managed",
      "type": "azurerm_key_vault_access_policy",
      "name": "jx",
      "provider": "provider[\"registry.terraform.io/hashicorp/azurerm\"]",
      "instances": [
        {
          "index_key": 0,
          "schema_version": 0,
          "attributes": {
            "application_id": null,
            "certificate_permissions": [],
            "id": "/subscriptions/e329e26a-2480-4b97-b60e-e40d67de7878/resourceGroups/rg-keyvault-gct-paysay/providers/Microsoft.KeyVault/vaults/gct-paysay/objectId/92287bb0-6841-42be-a206-8cb01200d691",
            "key_permissions": [],
            "key_vault_id": "/subscriptions/e329e26a-2480-4b97-b60e-e40d67de7878/resourceGroups/rg-keyvault-gct-paysay/providers/Microsoft.KeyVault/vaults/gct-paysay",
            "object_id": "92287bb0-6841-42be-a206-8cb01200d691",
            "secret_permissions": [
              "Get",
              "Set",
              "Delete"
            ],
            "storage_permissions": [],
            "tenant_id": "09953566-9af5-4e84-afe6-974a5fc25d4b",
            "timeouts": null
          },
          "sensitive_attributes": [],
          "private": "eyJlMmJmYjczMC1lY2FhLTExZTYtOGY4OC0zNDM2M2JjN2M0YzAiOnsiY3JlYXRlIjoxODAwMDAwMDAwMDAwLCJkZWxldGUiOjE4MDAwMDAwMDAwMDAsInJlYWQiOjMwMDAwMDAwMDAwMCwidXBkYXRlIjoxODAwMDAwMDAwMDAwfX0=",
          "dependencies": [
            "module.cluster.azurerm_resource_group.cluster",
            "module.cluster.azurerm_resource_group.network",
            "module.cluster.module.cluster.azurerm_kubernetes_cluster.aks",
            "module.cluster.module.cluster.azurerm_log_analytics_workspace.cluster",
            "module.cluster.module.vnet.azurerm_subnet.cluster_subnet",
            "module.cluster.module.vnet.azurerm_virtual_network.cluster",
            "module.secrets.azurerm_key_vault.jx",
            "module.secrets.azurerm_resource_group.key_vault",
            "module.secrets.data.azurerm_subscription.current",
            "random_pet.name"
          ]
        }
      ]
    },
    {
      "module": "module.secrets",
      "mode": "managed",
      "type": "azurerm_key_vault_access_policy",
      "name": "terraform",
      "provider": "provider[\"registry.terraform.io/hashicorp/azurerm\"]",
      "instances": [
        {
          "index_key": 0,
          "schema_version": 0,
          "attributes": {
            "application_id": null,
            "certificate_permissions": [],
            "id": "/subscriptions/e329e26a-2480-4b97-b60e-e40d67de7878/resourceGroups/rg-keyvault-gct-paysay/providers/Microsoft.KeyVault/vaults/gct-paysay/objectId/fbd38c4e-bb26-462e-9a58-28eac2a9dbf2",
            "key_permissions": [],
            "key_vault_id": "/subscriptions/e329e26a-2480-4b97-b60e-e40d67de7878/resourceGroups/rg-keyvault-gct-paysay/providers/Microsoft.KeyVault/vaults/gct-paysay",
            "object_id": "fbd38c4e-bb26-462e-9a58-28eac2a9dbf2",
            "secret_permissions": [
              "Get",
              "Set",
              "Delete"
            ],
            "storage_permissions": [],
            "tenant_id": "09953566-9af5-4e84-afe6-974a5fc25d4b",
            "timeouts": null
          },
          "sensitive_attributes": [],
          "private": "eyJlMmJmYjczMC1lY2FhLTExZTYtOGY4OC0zNDM2M2JjN2M0YzAiOnsiY3JlYXRlIjoxODAwMDAwMDAwMDAwLCJkZWxldGUiOjE4MDAwMDAwMDAwMDAsInJlYWQiOjMwMDAwMDAwMDAwMCwidXBkYXRlIjoxODAwMDAwMDAwMDAwfX0=",
          "dependencies": [
            "module.secrets.azurerm_key_vault.jx",
            "module.secrets.azurerm_resource_group.key_vault",
            "module.secrets.data.azuread_client_config.current",
            "module.secrets.data.azurerm_subscription.current",
            "random_pet.name"
          ]
        }
      ]
    },
    {
      "module": "module.secrets",
      "mode": "managed",
      "type": "azurerm_resource_group",
      "name": "key_vault",
      "provider": "provider[\"registry.terraform.io/hashicorp/azurerm\"]",
      "instances": [
        {
          "index_key": 0,
          "schema_version": 0,
          "attributes": {
            "id": "/subscriptions/e329e26a-2480-4b97-b60e-e40d67de7878/resourceGroups/rg-keyvault-gct-paysay",
            "location": "centralindia",
            "name": "rg-keyvault-gct-paysay",
            "tags": {},
            "timeouts": null
          },
          "sensitive_attributes": [],
          "private": "eyJlMmJmYjczMC1lY2FhLTExZTYtOGY4OC0zNDM2M2JjN2M0YzAiOnsiY3JlYXRlIjo1NDAwMDAwMDAwMDAwLCJkZWxldGUiOjU0MDAwMDAwMDAwMDAsInJlYWQiOjMwMDAwMDAwMDAwMCwidXBkYXRlIjo1NDAwMDAwMDAwMDAwfX0=",
          "dependencies": [
            "random_pet.name"
          ]
        }
      ]
    },
    {
      "module": "module.storage",
      "mode": "managed",
      "type": "azurerm_resource_group",
      "name": "storage",
      "provider": "provider[\"registry.terraform.io/hashicorp/azurerm\"]",
      "instances": [
        {
          "schema_version": 0,
          "attributes": {
            "id": "/subscriptions/e329e26a-2480-4b97-b60e-e40d67de7878/resourceGroups/rg-storage-gct-paysay",
            "location": "centralindia",
            "name": "rg-storage-gct-paysay",
            "tags": {},
            "timeouts": null
          },
          "sensitive_attributes": [],
          "private": "eyJlMmJmYjczMC1lY2FhLTExZTYtOGY4OC0zNDM2M2JjN2M0YzAiOnsiY3JlYXRlIjo1NDAwMDAwMDAwMDAwLCJkZWxldGUiOjU0MDAwMDAwMDAwMDAsInJlYWQiOjMwMDAwMDAwMDAwMCwidXBkYXRlIjo1NDAwMDAwMDAwMDAwfX0=",
          "dependencies": [
            "random_pet.name"
          ]
        }
      ]
    },
    {
      "module": "module.storage",
      "mode": "managed",
      "type": "azurerm_role_assignment",
      "name": "storage",
      "provider": "provider[\"registry.terraform.io/hashicorp/azurerm\"]",
      "instances": [
        {
          "schema_version": 0,
          "attributes": {
            "condition": "",
            "condition_version": "",
            "description": "",
            "id": "/subscriptions/e329e26a-2480-4b97-b60e-e40d67de7878/resourceGroups/rg-storage-gct-paysay/providers/Microsoft.Storage/storageAccounts/jxgctpaysay/providers/Microsoft.Authorization/roleAssignments/d02a2378-c7c8-e21b-e690-b9a9a4566aaa",
            "name": "d02a2378-c7c8-e21b-e690-b9a9a4566aaa",
            "principal_id": "92287bb0-6841-42be-a206-8cb01200d691",
            "principal_type": "ServicePrincipal",
            "role_definition_id": "/subscriptions/e329e26a-2480-4b97-b60e-e40d67de7878/providers/Microsoft.Authorization/roleDefinitions/ba92f5b4-2d11-453d-a403-e96b0029c9fe",
            "role_definition_name": "Storage Blob Data Contributor",
            "scope": "/subscriptions/e329e26a-2480-4b97-b60e-e40d67de7878/resourceGroups/rg-storage-gct-paysay/providers/Microsoft.Storage/storageAccounts/jxgctpaysay",
            "skip_service_principal_aad_check": null,
            "timeouts": null
          },
          "sensitive_attributes": [],
          "private": "eyJlMmJmYjczMC1lY2FhLTExZTYtOGY4OC0zNDM2M2JjN2M0YzAiOnsiY3JlYXRlIjoxODAwMDAwMDAwMDAwLCJkZWxldGUiOjE4MDAwMDAwMDAwMDAsInJlYWQiOjMwMDAwMDAwMDAwMCwidXBkYXRlIjoxODAwMDAwMDAwMDAwfX0=",
          "dependencies": [
            "module.cluster.azurerm_resource_group.cluster",
            "module.cluster.azurerm_resource_group.network",
            "module.cluster.module.cluster.azurerm_kubernetes_cluster.aks",
            "module.cluster.module.cluster.azurerm_log_analytics_workspace.cluster",
            "module.cluster.module.vnet.azurerm_subnet.cluster_subnet",
            "module.cluster.module.vnet.azurerm_virtual_network.cluster",
            "module.storage.azurerm_resource_group.storage",
            "module.storage.azurerm_storage_account.storage",
            "random_pet.name"
          ]
        }
      ]
    },
    {
      "module": "module.storage",
      "mode": "managed",
      "type": "azurerm_storage_account",
      "name": "storage",
      "provider": "provider[\"registry.terraform.io/hashicorp/azurerm\"]",
      "instances": [
        {
          "schema_version": 2,
          "attributes": {
            "access_tier": "Hot",
            "account_kind": "StorageV2",
            "account_replication_type": "RAGRS",
            "account_tier": "Standard",
            "allow_blob_public_access": false,
            "azure_files_authentication": [],
            "blob_properties": [
              {
                "change_feed_enabled": false,
                "container_delete_retention_policy": [],
                "cors_rule": [],
                "default_service_version": "",
                "delete_retention_policy": [],
                "last_access_time_enabled": false,
                "versioning_enabled": false
              }
            ],
            "custom_domain": [],
            "enable_https_traffic_only": true,
            "id": "/subscriptions/e329e26a-2480-4b97-b60e-e40d67de7878/resourceGroups/rg-storage-gct-paysay/providers/Microsoft.Storage/storageAccounts/jxgctpaysay",
            "identity": [],
            "is_hns_enabled": true,
            "large_file_share_enabled": null,
            "location": "centralindia",
            "min_tls_version": "TLS1_0",
            "name": "jxgctpaysay",
            "network_rules": [
              {
                "bypass": [
                  "AzureServices"
                ],
                "default_action": "Allow",
                "ip_rules": [],
                "private_link_access": [],
                "virtual_network_subnet_ids": []
              }
            ],
            "nfsv3_enabled": false,
            "primary_access_key": "9AnPELl5zG84PDZpIIN75csyIeCeRe/AfhlC0foEf9Apv6XavQOWl2ax7EEEUukIQn9mw3JNF5da+AStwM/uGQ==",
            "primary_blob_connection_string": "DefaultEndpointsProtocol=https;BlobEndpoint=https://jxgctpaysay.blob.core.windows.net/;AccountName=jxgctpaysay;AccountKey=9AnPELl5zG84PDZpIIN75csyIeCeRe/AfhlC0foEf9Apv6XavQOWl2ax7EEEUukIQn9mw3JNF5da+AStwM/uGQ==",
            "primary_blob_endpoint": "https://jxgctpaysay.blob.core.windows.net/",
            "primary_blob_host": "jxgctpaysay.blob.core.windows.net",
            "primary_connection_string": "DefaultEndpointsProtocol=https;AccountName=jxgctpaysay;AccountKey=9AnPELl5zG84PDZpIIN75csyIeCeRe/AfhlC0foEf9Apv6XavQOWl2ax7EEEUukIQn9mw3JNF5da+AStwM/uGQ==;EndpointSuffix=core.windows.net",
            "primary_dfs_endpoint": "https://jxgctpaysay.dfs.core.windows.net/",
            "primary_dfs_host": "jxgctpaysay.dfs.core.windows.net",
            "primary_file_endpoint": "https://jxgctpaysay.file.core.windows.net/",
            "primary_file_host": "jxgctpaysay.file.core.windows.net",
            "primary_location": "centralindia",
            "primary_queue_endpoint": "https://jxgctpaysay.queue.core.windows.net/",
            "primary_queue_host": "jxgctpaysay.queue.core.windows.net",
            "primary_table_endpoint": "https://jxgctpaysay.table.core.windows.net/",
            "primary_table_host": "jxgctpaysay.table.core.windows.net",
            "primary_web_endpoint": "https://jxgctpaysay.z29.web.core.windows.net/",
            "primary_web_host": "jxgctpaysay.z29.web.core.windows.net",
            "queue_properties": [
              {
                "cors_rule": [],
                "hour_metrics": [
                  {
                    "enabled": true,
                    "include_apis": true,
                    "retention_policy_days": 7,
                    "version": "1.0"
                  }
                ],
                "logging": [
                  {
                    "delete": false,
                    "read": false,
                    "retention_policy_days": 0,
                    "version": "1.0",
                    "write": false
                  }
                ],
                "minute_metrics": [
                  {
                    "enabled": false,
                    "include_apis": false,
                    "retention_policy_days": 0,
                    "version": "1.0"
                  }
                ]
              }
            ],
            "resource_group_name": "rg-storage-gct-paysay",
            "routing": [],
            "secondary_access_key": "aTuNXa7eu7DyP51L9a6ld8M+CrRzBjMo8JP4432JsgDKg0Kf5ObXgypKDzZFu4g9vmmyiQATPx01+AStyCgsBw==",
            "secondary_blob_connection_string": "DefaultEndpointsProtocol=https;BlobEndpoint=https://jxgctpaysay-secondary.blob.core.windows.net/;AccountName=jxgctpaysay;AccountKey=aTuNXa7eu7DyP51L9a6ld8M+CrRzBjMo8JP4432JsgDKg0Kf5ObXgypKDzZFu4g9vmmyiQATPx01+AStyCgsBw==",
            "secondary_blob_endpoint": "https://jxgctpaysay-secondary.blob.core.windows.net/",
            "secondary_blob_host": "jxgctpaysay-secondary.blob.core.windows.net",
            "secondary_connection_string": "DefaultEndpointsProtocol=https;AccountName=jxgctpaysay;AccountKey=aTuNXa7eu7DyP51L9a6ld8M+CrRzBjMo8JP4432JsgDKg0Kf5ObXgypKDzZFu4g9vmmyiQATPx01+AStyCgsBw==;EndpointSuffix=core.windows.net",
            "secondary_dfs_endpoint": "https://jxgctpaysay-secondary.dfs.core.windows.net/",
            "secondary_dfs_host": "jxgctpaysay-secondary.dfs.core.windows.net",
            "secondary_file_endpoint": "",
            "secondary_file_host": "",
            "secondary_location": "southindia",
            "secondary_queue_endpoint": "https://jxgctpaysay-secondary.queue.core.windows.net/",
            "secondary_queue_host": "jxgctpaysay-secondary.queue.core.windows.net",
            "secondary_table_endpoint": "https://jxgctpaysay-secondary.table.core.windows.net/",
            "secondary_table_host": "jxgctpaysay-secondary.table.core.windows.net",
            "secondary_web_endpoint": "https://jxgctpaysay-secondary.z29.web.core.windows.net/",
            "secondary_web_host": "jxgctpaysay-secondary.z29.web.core.windows.net",
            "static_website": [],
            "tags": {},
            "timeouts": null
          },
          "sensitive_attributes": [],
          "private": "eyJlMmJmYjczMC1lY2FhLTExZTYtOGY4OC0zNDM2M2JjN2M0YzAiOnsiY3JlYXRlIjozNjAwMDAwMDAwMDAwLCJkZWxldGUiOjM2MDAwMDAwMDAwMDAsInJlYWQiOjMwMDAwMDAwMDAwMCwidXBkYXRlIjozNjAwMDAwMDAwMDAwfSwic2NoZW1hX3ZlcnNpb24iOiIyIn0=",
          "dependencies": [
            "module.storage.azurerm_resource_group.storage",
            "random_pet.name"
          ]
        }
      ]
    },
    {
      "module": "module.storage",
      "mode": "managed",
      "type": "azurerm_storage_container",
      "name": "logs",
      "provider": "provider[\"registry.terraform.io/hashicorp/azurerm\"]",
      "instances": [
        {
          "schema_version": 1,
          "attributes": {
            "container_access_type": "private",
            "has_immutability_policy": false,
            "has_legal_hold": false,
            "id": "https://jxgctpaysay.blob.core.windows.net/logs",
            "metadata": {},
            "name": "logs",
            "resource_manager_id": "/subscriptions/e329e26a-2480-4b97-b60e-e40d67de7878/resourceGroups/rg-storage-gct-paysay/providers/Microsoft.Storage/storageAccounts/jxgctpaysay/blobServices/default/containers/logs",
            "storage_account_name": "jxgctpaysay",
            "timeouts": null
          },
          "sensitive_attributes": [],
          "private": "eyJlMmJmYjczMC1lY2FhLTExZTYtOGY4OC0zNDM2M2JjN2M0YzAiOnsiY3JlYXRlIjoxODAwMDAwMDAwMDAwLCJkZWxldGUiOjE4MDAwMDAwMDAwMDAsInJlYWQiOjMwMDAwMDAwMDAwMCwidXBkYXRlIjoxODAwMDAwMDAwMDAwfSwic2NoZW1hX3ZlcnNpb24iOiIxIn0=",
          "dependencies": [
            "module.storage.azurerm_resource_group.storage",
            "module.storage.azurerm_storage_account.storage",
            "random_pet.name"
          ]
        }
      ]
    }
  ],
  "check_results": null
}
